<?xml version="1.0" encoding="utf-8"?>
<Project ToolsVersion="4.0" xmlns="http://schemas.microsoft.com/developer/msbuild/2003">
  <ItemGroup>
    <Filter Include="Source Files">
      <UniqueIdentifier>{4FC737F1-C7A5-4376-A066-2A32D752A2FF}</UniqueIdentifier>
      <Extensions>cpp;c;cc;cxx;def;odl;idl;hpj;bat;asm;asmx</Extensions>
    </Filter>
    <Filter Include="Header Files">
      <UniqueIdentifier>{93995380-89BD-4b04-88EB-625FBE52EBFB}</UniqueIdentifier>
      <Extensions>h;hh;hpp;hxx;hm;inl;inc;ipp;xsd</Extensions>
    </Filter>
    <Filter Include="Resource Files">
      <UniqueIdentifier>{67DA6AB6-F800-4c08-8B7A-83BB121AAD01}</UniqueIdentifier>
      <Extensions>rc;ico;cur;bmp;dlg;rc2;rct;bin;rgs;gif;jpg;jpeg;jpe;resx;tiff;tif;png;wav;mfcribbon-ms</Extensions>
    </Filter>
  </ItemGroup>
  <ItemGroup>
    <ClCompile Include="..\..\SRC\sp_ienv.c">
      <Filter>Source Files</Filter>
    </ClCompile>
    <ClCompile Include="..\..\SRC\etree.c">
      <Filter>Source Files</Filter>
    </ClCompile>
    <ClCompile Include="..\..\SRC\sp_colorder.c">
      <Filter>Source Files</Filter>
    </ClCompile>
    <ClCompile Include="..\..\SRC\get_perm_c.c">
      <Filter>Source Files</Filter>
    </ClCompile>
    <ClCompile Include="..\..\SRC\mmd.c">
      <Filter>Source Files</Filter>
    </ClCompile>
    <ClCompile Include="..\..\SRC\comm.c">
      <Filter>Source Files</Filter>
    </ClCompile>
    <ClCompile Include="..\..\SRC\memory.c">
      <Filter>Source Files</Filter>
    </ClCompile>
    <ClCompile Include="..\..\SRC\util.c">
      <Filter>Source Files</Filter>
    </ClCompile>
    <ClCompile Include="..\..\SRC\superlu_grid.c">
      <Filter>Source Files</Filter>
    </ClCompile>
    <ClCompile Include="..\..\SRC\pxerr_dist.c">
      <Filter>Source Files</Filter>
    </ClCompile>
    <ClCompile Include="..\..\SRC\superlu_timer.c">
      <Filter>Source Files</Filter>
    </ClCompile>
    <ClCompile Include="..\..\SRC\GetDiagU.c">
      <Filter>Source Files</Filter>
    </ClCompile>
    <ClCompile Include="..\..\SRC\symbfact.c">
      <Filter>Source Files</Filter>
    </ClCompile>
    <ClCompile Include="..\..\SRC\psymbfact.c">
      <Filter>Source Files</Filter>
    </ClCompile>
    <ClCompile Include="..\..\SRC\psymbfact_util.c">
      <Filter>Source Files</Filter>
    </ClCompile>
    <ClCompile Include="..\..\SRC\mc64ad_dist.c">
      <Filter>Source Files</Filter>
    </ClCompile>
    <ClCompile Include="..\..\SRC\static_schedule.c">
      <Filter>Source Files</Filter>
    </ClCompile>
    <ClCompile Include="..\..\SRC\xerr_dist.c">
      <Filter>Source Files</Filter>
    </ClCompile>
    <ClCompile Include="..\..\SRC\smach_dist.c">
      <Filter>Source Files</Filter>
    </ClCompile>
    <ClCompile Include="..\..\SRC\dmach_dist.c">
      <Filter>Source Files</Filter>
    </ClCompile>
    <ClCompile Include="..\..\SRC\pdgssvx.c">
      <Filter>Source Files</Filter>
    </ClCompile>
    <ClCompile Include="..\..\SRC\pdgssvx_ABglobal.c">
      <Filter>Source Files</Filter>
    </ClCompile>
    <ClCompile Include="..\..\SRC\dreadhb.c">
      <Filter>Source Files</Filter>
    </ClCompile>
    <ClCompile Include="..\..\SRC\dreadrb.c">
      <Filter>Source Files</Filter>
    </ClCompile>
    <ClCompile Include="..\..\SRC\dreadtriple.c">
      <Filter>Source Files</Filter>
    </ClCompile>
    <ClCompile Include="..\..\SRC\dreadMM.c">
      <Filter>Source Files</Filter>
    </ClCompile>
    <ClCompile Include="..\..\SRC\pdgsequ.c">
      <Filter>Source Files</Filter>
    </ClCompile>
    <ClCompile Include="..\..\SRC\pdlaqgs.c">
      <Filter>Source Files</Filter>
    </ClCompile>
    <ClCompile Include="..\..\SRC\dldperm_dist.c">
      <Filter>Source Files</Filter>
    </ClCompile>
    <ClCompile Include="..\..\SRC\pdlangs.c">
      <Filter>Source Files</Filter>
    </ClCompile>
    <ClCompile Include="..\..\SRC\pdutil.c">
      <Filter>Source Files</Filter>
    </ClCompile>
    <ClCompile Include="..\..\SRC\pdsymbfact_distdata.c">
      <Filter>Source Files</Filter>
    </ClCompile>
    <ClCompile Include="..\..\SRC\ddistribute.c">
      <Filter>Source Files</Filter>
    </ClCompile>
    <ClCompile Include="..\..\SRC\pddistribute.c">
      <Filter>Source Files</Filter>
    </ClCompile>
    <ClCompile Include="..\..\SRC\pdgstrf.c">
      <Filter>Source Files</Filter>
    </ClCompile>
    <ClCompile Include="..\..\SRC\pdgstrf2.c">
      <Filter>Source Files</Filter>
    </ClCompile>
    <ClCompile Include="..\..\SRC\pdgstrs.c">
      <Filter>Source Files</Filter>
    </ClCompile>
    <ClCompile Include="..\..\SRC\pdgstrs1.c">
      <Filter>Source Files</Filter>
    </ClCompile>
    <ClCompile Include="..\..\SRC\pdgstrs_lsum.c">
      <Filter>Source Files</Filter>
    </ClCompile>
    <ClCompile Include="..\..\SRC\pdgstrs_Bglobal.c">
      <Filter>Source Files</Filter>
    </ClCompile>
    <ClCompile Include="..\..\SRC\pdgsrfs.c">
      <Filter>Source Files</Filter>
    </ClCompile>
    <ClCompile Include="..\..\SRC\pdgsmv.c">
      <Filter>Source Files</Filter>
    </ClCompile>
    <ClCompile Include="..\..\SRC\pdgsrfs_ABXglobal.c">
      <Filter>Source Files</Filter>
    </ClCompile>
    <ClCompile Include="..\..\SRC\pdgsmv_AXglobal.c">
      <Filter>Source Files</Filter>
    </ClCompile>
    <ClCompile Include="..\..\SRC\dlangs_dist.c">
      <Filter>Source Files</Filter>
    </ClCompile>
    <ClCompile Include="..\..\SRC\dgsequ_dist.c">
      <Filter>Source Files</Filter>
    </ClCompile>
    <ClCompile Include="..\..\SRC\dlaqgs_dist.c">
      <Filter>Source Files</Filter>
    </ClCompile>
    <ClCompile Include="..\..\SRC\dutil_dist.c">
      <Filter>Source Files</Filter>
    </ClCompile>
    <ClCompile Include="..\..\SRC\dmemory_dist.c">
      <Filter>Source Files</Filter>
    </ClCompile>
    <ClCompile Include="..\..\SRC\dmyblas2_dist.c">
      <Filter>Source Files</Filter>
    </ClCompile>
    <ClCompile Include="..\..\SRC\dsp_blas2_dist.c">
      <Filter>Source Files</Filter>
    </ClCompile>
    <ClCompile Include="..\..\SRC\dsp_blas3_dist.c">
      <Filter>Source Files</Filter>
    </ClCompile>
  </ItemGroup>
</Project>