
Microsoft Visual Studio Solution File, Format Version 12.00
# Visual Studio Version 16
Project("{8BC9CEB8-8B4A-11D0-8D11-00A0C91BC942}") = "ALL_BUILD", "ALL_BUILD.vcxproj", "{EA770BD2-FAC6-3FAD-B435-3A37C7B9A306}"
	ProjectSection(ProjectDependencies) = postProject
		{54FE096D-8DC3-3930-9764-59F887904216} = {54FE096D-8DC3-3930-9764-59F887904216}
		{16359DF9-9CE7-3515-BB76-F9D6EF43F330} = {16359DF9-9CE7-3515-BB76-F9D6EF43F330}
		{9CD75764-46AA-3E26-BFAD-67E9040C1CC8} = {9CD75764-46AA-3E26-BFAD-67E9040C1CC8}
		{5B0826E9-7242-3864-9623-3794B6D7AE44} = {5B0826E9-7242-3864-9623-3794B6D7AE44}
		{7CF7B0D7-F883-3BAF-BAC3-7939FC2F3A6E} = {7CF7B0D7-F883-3BAF-BAC3-7939FC2F3A6E}
		{CB777DE1-0983-3625-A474-7F14E4186153} = {CB777DE1-0983-3625-A474-7F14E4186153}
		{9CDCEF62-AF46-31CB-99CA-D2AD6B6CBDA6} = {9CDCEF62-AF46-31CB-99CA-D2AD6B6CBDA6}
	EndProjectSection
EndProject
Project("{8BC9CEB8-8B4A-11D0-8D11-00A0C91BC942}") = "INSTALL", "INSTALL.vcxproj", "{95200F0E-D14B-3F64-A298-EB3FC97F94AB}"
	ProjectSection(ProjectDependencies) = postProject
		{EA770BD2-FAC6-3FAD-B435-3A37C7B9A306} = {EA770BD2-FAC6-3FAD-B435-3A37C7B9A306}
		{54FE096D-8DC3-3930-9764-59F887904216} = {54FE096D-8DC3-3930-9764-59F887904216}
	EndProjectSection
EndProject
Project("{8BC9CEB8-8B4A-11D0-8D11-00A0C91BC942}") = "ZERO_CHECK", "ZERO_CHECK.vcxproj", "{54FE096D-8DC3-3930-9764-59F887904216}"
	ProjectSection(ProjectDependencies) = postProject
	EndProjectSection
EndProject
Project("{8BC9CEB8-8B4A-11D0-8D11-00A0C91BC942}") = "metis", "libmetis\metis.vcxproj", "{16359DF9-9CE7-3515-BB76-F9D6EF43F330}"
	ProjectSection(ProjectDependencies) = postProject
		{54FE096D-8DC3-3930-9764-59F887904216} = {54FE096D-8DC3-3930-9764-59F887904216}
	EndProjectSection
EndProject
Project("{8BC9CEB8-8B4A-11D0-8D11-00A0C91BC942}") = "mtest", "programs\mtest.vcxproj", "{9CD75764-46AA-3E26-BFAD-67E9040C1CC8}"
	ProjectSection(ProjectDependencies) = postProject
		{54FE096D-8DC3-3930-9764-59F887904216} = {54FE096D-8DC3-3930-9764-59F887904216}
		{16359DF9-9CE7-3515-BB76-F9D6EF43F330} = {16359DF9-9CE7-3515-BB76-F9D6EF43F330}
		{5B0826E9-7242-3864-9623-3794B6D7AE44} = {5B0826E9-7242-3864-9623-3794B6D7AE44}
	EndProjectSection
EndProject
Project("{8BC9CEB8-8B4A-11D0-8D11-00A0C91BC942}") = "parmetis", "libparmetis\parmetis.vcxproj", "{5B0826E9-7242-3864-9623-3794B6D7AE44}"
	ProjectSection(ProjectDependencies) = postProject
		{54FE096D-8DC3-3930-9764-59F887904216} = {54FE096D-8DC3-3930-9764-59F887904216}
		{16359DF9-9CE7-3515-BB76-F9D6EF43F330} = {16359DF9-9CE7-3515-BB76-F9D6EF43F330}
	EndProjectSection
EndProject
Project("{8BC9CEB8-8B4A-11D0-8D11-00A0C91BC942}") = "parmetis_prog", "programs\parmetis_prog.vcxproj", "{7CF7B0D7-F883-3BAF-BAC3-7939FC2F3A6E}"
	ProjectSection(ProjectDependencies) = postProject
		{54FE096D-8DC3-3930-9764-59F887904216} = {54FE096D-8DC3-3930-9764-59F887904216}
		{16359DF9-9CE7-3515-BB76-F9D6EF43F330} = {16359DF9-9CE7-3515-BB76-F9D6EF43F330}
		{5B0826E9-7242-3864-9623-3794B6D7AE44} = {5B0826E9-7242-3864-9623-3794B6D7AE44}
	EndProjectSection
EndProject
Project("{8BC9CEB8-8B4A-11D0-8D11-00A0C91BC942}") = "pometis", "programs\pometis.vcxproj", "{CB777DE1-0983-3625-A474-7F14E4186153}"
	ProjectSection(ProjectDependencies) = postProject
		{54FE096D-8DC3-3930-9764-59F887904216} = {54FE096D-8DC3-3930-9764-59F887904216}
		{16359DF9-9CE7-3515-BB76-F9D6EF43F330} = {16359DF9-9CE7-3515-BB76-F9D6EF43F330}
		{5B0826E9-7242-3864-9623-3794B6D7AE44} = {5B0826E9-7242-3864-9623-3794B6D7AE44}
	EndProjectSection
EndProject
Project("{8BC9CEB8-8B4A-11D0-8D11-00A0C91BC942}") = "ptest", "programs\ptest.vcxproj", "{9CDCEF62-AF46-31CB-99CA-D2AD6B6CBDA6}"
	ProjectSection(ProjectDependencies) = postProject
		{54FE096D-8DC3-3930-9764-59F887904216} = {54FE096D-8DC3-3930-9764-59F887904216}
		{16359DF9-9CE7-3515-BB76-F9D6EF43F330} = {16359DF9-9CE7-3515-BB76-F9D6EF43F330}
		{5B0826E9-7242-3864-9623-3794B6D7AE44} = {5B0826E9-7242-3864-9623-3794B6D7AE44}
	EndProjectSection
EndProject
Global
	GlobalSection(SolutionConfigurationPlatforms) = preSolution
		Release|x64 = Release|x64
	EndGlobalSection
	GlobalSection(ProjectConfigurationPlatforms) = postSolution
		{EA770BD2-FAC6-3FAD-B435-3A37C7B9A306}.Release|x64.ActiveCfg = Release|x64
		{EA770BD2-FAC6-3FAD-B435-3A37C7B9A306}.Release|x64.Build.0 = Release|x64
		{95200F0E-D14B-3F64-A298-EB3FC97F94AB}.Release|x64.ActiveCfg = Release|x64
		{54FE096D-8DC3-3930-9764-59F887904216}.Release|x64.ActiveCfg = Release|x64
		{54FE096D-8DC3-3930-9764-59F887904216}.Release|x64.Build.0 = Release|x64
		{16359DF9-9CE7-3515-BB76-F9D6EF43F330}.Release|x64.ActiveCfg = Release|x64
		{16359DF9-9CE7-3515-BB76-F9D6EF43F330}.Release|x64.Build.0 = Release|x64
		{9CD75764-46AA-3E26-BFAD-67E9040C1CC8}.Release|x64.ActiveCfg = Release|x64
		{9CD75764-46AA-3E26-BFAD-67E9040C1CC8}.Release|x64.Build.0 = Release|x64
		{5B0826E9-7242-3864-9623-3794B6D7AE44}.Release|x64.ActiveCfg = Release|x64
		{5B0826E9-7242-3864-9623-3794B6D7AE44}.Release|x64.Build.0 = Release|x64
		{7CF7B0D7-F883-3BAF-BAC3-7939FC2F3A6E}.Release|x64.ActiveCfg = Release|x64
		{7CF7B0D7-F883-3BAF-BAC3-7939FC2F3A6E}.Release|x64.Build.0 = Release|x64
		{CB777DE1-0983-3625-A474-7F14E4186153}.Release|x64.ActiveCfg = Release|x64
		{CB777DE1-0983-3625-A474-7F14E4186153}.Release|x64.Build.0 = Release|x64
		{9CDCEF62-AF46-31CB-99CA-D2AD6B6CBDA6}.Release|x64.ActiveCfg = Release|x64
		{9CDCEF62-AF46-31CB-99CA-D2AD6B6CBDA6}.Release|x64.Build.0 = Release|x64
	EndGlobalSection
	GlobalSection(ExtensibilityGlobals) = postSolution
		SolutionGuid = {C6B623ED-BE49-3252-A240-55703D8759AB}
	EndGlobalSection
	GlobalSection(ExtensibilityAddIns) = postSolution
	EndGlobalSection
EndGlobal
