
Microsoft Visual Studio Solution File, Format Version 12.00
# Visual Studio Version 16
Project("{8BC9CEB8-8B4A-11D0-8D11-00A0C91BC942}") = "ALL_BUILD", "ALL_BUILD.vcxproj", "{0B46064E-71D0-3769-B0EA-343F091C7DC2}"
	ProjectSection(ProjectDependencies) = postProject
		{2D5D6FC9-2959-3D66-904A-770BA87062F5} = {2D5D6FC9-2959-3D66-904A-770BA87062F5}
		{DD2089C3-C859-39DC-BD08-089EBD0EDBF6} = {DD2089C3-C859-39DC-BD08-089EBD0EDBF6}
		{33A9EE88-97B5-35E2-B563-1844F16FA3E9} = {33A9EE88-97B5-35E2-B563-1844F16FA3E9}
		{ADCD5A1F-3697-3EAB-8D99-E14F5341638D} = {ADCD5A1F-3697-3EAB-8D99-E14F5341638D}
		{42607304-7B86-3B6D-934A-09552D3849FA} = {42607304-7B86-3B6D-934A-09552D3849FA}
		{73F6B2B7-A17A-3E12-9899-05E2C933FA5A} = {73F6B2B7-A17A-3E12-9899-05E2C933FA5A}
		{30825B50-82CD-33BC-B31F-DE02E835B16D} = {30825B50-82CD-33BC-B31F-DE02E835B16D}
	EndProjectSection
EndProject
Project("{8BC9CEB8-8B4A-11D0-8D11-00A0C91BC942}") = "INSTALL", "INSTALL.vcxproj", "{4E2FFB76-B6E2-3B2E-A213-2D50E199FA11}"
	ProjectSection(ProjectDependencies) = postProject
		{0B46064E-71D0-3769-B0EA-343F091C7DC2} = {0B46064E-71D0-3769-B0EA-343F091C7DC2}
		{2D5D6FC9-2959-3D66-904A-770BA87062F5} = {2D5D6FC9-2959-3D66-904A-770BA87062F5}
	EndProjectSection
EndProject
Project("{8BC9CEB8-8B4A-11D0-8D11-00A0C91BC942}") = "ZERO_CHECK", "ZERO_CHECK.vcxproj", "{2D5D6FC9-2959-3D66-904A-770BA87062F5}"
	ProjectSection(ProjectDependencies) = postProject
	EndProjectSection
EndProject
Project("{8BC9CEB8-8B4A-11D0-8D11-00A0C91BC942}") = "metis", "libmetis\metis.vcxproj", "{DD2089C3-C859-39DC-BD08-089EBD0EDBF6}"
	ProjectSection(ProjectDependencies) = postProject
		{2D5D6FC9-2959-3D66-904A-770BA87062F5} = {2D5D6FC9-2959-3D66-904A-770BA87062F5}
	EndProjectSection
EndProject
Project("{8BC9CEB8-8B4A-11D0-8D11-00A0C91BC942}") = "mtest", "programs\mtest.vcxproj", "{33A9EE88-97B5-35E2-B563-1844F16FA3E9}"
	ProjectSection(ProjectDependencies) = postProject
		{2D5D6FC9-2959-3D66-904A-770BA87062F5} = {2D5D6FC9-2959-3D66-904A-770BA87062F5}
		{DD2089C3-C859-39DC-BD08-089EBD0EDBF6} = {DD2089C3-C859-39DC-BD08-089EBD0EDBF6}
		{ADCD5A1F-3697-3EAB-8D99-E14F5341638D} = {ADCD5A1F-3697-3EAB-8D99-E14F5341638D}
	EndProjectSection
EndProject
Project("{8BC9CEB8-8B4A-11D0-8D11-00A0C91BC942}") = "parmetis", "libparmetis\parmetis.vcxproj", "{ADCD5A1F-3697-3EAB-8D99-E14F5341638D}"
	ProjectSection(ProjectDependencies) = postProject
		{2D5D6FC9-2959-3D66-904A-770BA87062F5} = {2D5D6FC9-2959-3D66-904A-770BA87062F5}
		{DD2089C3-C859-39DC-BD08-089EBD0EDBF6} = {DD2089C3-C859-39DC-BD08-089EBD0EDBF6}
	EndProjectSection
EndProject
Project("{8BC9CEB8-8B4A-11D0-8D11-00A0C91BC942}") = "parmetis_prog", "programs\parmetis_prog.vcxproj", "{42607304-7B86-3B6D-934A-09552D3849FA}"
	ProjectSection(ProjectDependencies) = postProject
		{2D5D6FC9-2959-3D66-904A-770BA87062F5} = {2D5D6FC9-2959-3D66-904A-770BA87062F5}
		{DD2089C3-C859-39DC-BD08-089EBD0EDBF6} = {DD2089C3-C859-39DC-BD08-089EBD0EDBF6}
		{ADCD5A1F-3697-3EAB-8D99-E14F5341638D} = {ADCD5A1F-3697-3EAB-8D99-E14F5341638D}
	EndProjectSection
EndProject
Project("{8BC9CEB8-8B4A-11D0-8D11-00A0C91BC942}") = "pometis", "programs\pometis.vcxproj", "{73F6B2B7-A17A-3E12-9899-05E2C933FA5A}"
	ProjectSection(ProjectDependencies) = postProject
		{2D5D6FC9-2959-3D66-904A-770BA87062F5} = {2D5D6FC9-2959-3D66-904A-770BA87062F5}
		{DD2089C3-C859-39DC-BD08-089EBD0EDBF6} = {DD2089C3-C859-39DC-BD08-089EBD0EDBF6}
		{ADCD5A1F-3697-3EAB-8D99-E14F5341638D} = {ADCD5A1F-3697-3EAB-8D99-E14F5341638D}
	EndProjectSection
EndProject
Project("{8BC9CEB8-8B4A-11D0-8D11-00A0C91BC942}") = "ptest", "programs\ptest.vcxproj", "{30825B50-82CD-33BC-B31F-DE02E835B16D}"
	ProjectSection(ProjectDependencies) = postProject
		{2D5D6FC9-2959-3D66-904A-770BA87062F5} = {2D5D6FC9-2959-3D66-904A-770BA87062F5}
		{DD2089C3-C859-39DC-BD08-089EBD0EDBF6} = {DD2089C3-C859-39DC-BD08-089EBD0EDBF6}
		{ADCD5A1F-3697-3EAB-8D99-E14F5341638D} = {ADCD5A1F-3697-3EAB-8D99-E14F5341638D}
	EndProjectSection
EndProject
Global
	GlobalSection(SolutionConfigurationPlatforms) = preSolution
		Debug|x64 = Debug|x64
		Release|x64 = Release|x64
		MinSizeRel|x64 = MinSizeRel|x64
		RelWithDebInfo|x64 = RelWithDebInfo|x64
	EndGlobalSection
	GlobalSection(ProjectConfigurationPlatforms) = postSolution
		{0B46064E-71D0-3769-B0EA-343F091C7DC2}.Debug|x64.ActiveCfg = Debug|x64
		{0B46064E-71D0-3769-B0EA-343F091C7DC2}.Debug|x64.Build.0 = Debug|x64
		{0B46064E-71D0-3769-B0EA-343F091C7DC2}.Release|x64.ActiveCfg = Release|x64
		{0B46064E-71D0-3769-B0EA-343F091C7DC2}.Release|x64.Build.0 = Release|x64
		{0B46064E-71D0-3769-B0EA-343F091C7DC2}.MinSizeRel|x64.ActiveCfg = MinSizeRel|x64
		{0B46064E-71D0-3769-B0EA-343F091C7DC2}.MinSizeRel|x64.Build.0 = MinSizeRel|x64
		{0B46064E-71D0-3769-B0EA-343F091C7DC2}.RelWithDebInfo|x64.ActiveCfg = RelWithDebInfo|x64
		{0B46064E-71D0-3769-B0EA-343F091C7DC2}.RelWithDebInfo|x64.Build.0 = RelWithDebInfo|x64
		{4E2FFB76-B6E2-3B2E-A213-2D50E199FA11}.Debug|x64.ActiveCfg = Debug|x64
		{4E2FFB76-B6E2-3B2E-A213-2D50E199FA11}.Release|x64.ActiveCfg = Release|x64
		{4E2FFB76-B6E2-3B2E-A213-2D50E199FA11}.MinSizeRel|x64.ActiveCfg = MinSizeRel|x64
		{4E2FFB76-B6E2-3B2E-A213-2D50E199FA11}.RelWithDebInfo|x64.ActiveCfg = RelWithDebInfo|x64
		{2D5D6FC9-2959-3D66-904A-770BA87062F5}.Debug|x64.ActiveCfg = Debug|x64
		{2D5D6FC9-2959-3D66-904A-770BA87062F5}.Debug|x64.Build.0 = Debug|x64
		{2D5D6FC9-2959-3D66-904A-770BA87062F5}.Release|x64.ActiveCfg = Release|x64
		{2D5D6FC9-2959-3D66-904A-770BA87062F5}.Release|x64.Build.0 = Release|x64
		{2D5D6FC9-2959-3D66-904A-770BA87062F5}.MinSizeRel|x64.ActiveCfg = MinSizeRel|x64
		{2D5D6FC9-2959-3D66-904A-770BA87062F5}.MinSizeRel|x64.Build.0 = MinSizeRel|x64
		{2D5D6FC9-2959-3D66-904A-770BA87062F5}.RelWithDebInfo|x64.ActiveCfg = RelWithDebInfo|x64
		{2D5D6FC9-2959-3D66-904A-770BA87062F5}.RelWithDebInfo|x64.Build.0 = RelWithDebInfo|x64
		{DD2089C3-C859-39DC-BD08-089EBD0EDBF6}.Debug|x64.ActiveCfg = Debug|x64
		{DD2089C3-C859-39DC-BD08-089EBD0EDBF6}.Debug|x64.Build.0 = Debug|x64
		{DD2089C3-C859-39DC-BD08-089EBD0EDBF6}.Release|x64.ActiveCfg = Release|x64
		{DD2089C3-C859-39DC-BD08-089EBD0EDBF6}.Release|x64.Build.0 = Release|x64
		{DD2089C3-C859-39DC-BD08-089EBD0EDBF6}.MinSizeRel|x64.ActiveCfg = MinSizeRel|x64
		{DD2089C3-C859-39DC-BD08-089EBD0EDBF6}.MinSizeRel|x64.Build.0 = MinSizeRel|x64
		{DD2089C3-C859-39DC-BD08-089EBD0EDBF6}.RelWithDebInfo|x64.ActiveCfg = RelWithDebInfo|x64
		{DD2089C3-C859-39DC-BD08-089EBD0EDBF6}.RelWithDebInfo|x64.Build.0 = RelWithDebInfo|x64
		{33A9EE88-97B5-35E2-B563-1844F16FA3E9}.Debug|x64.ActiveCfg = Debug|x64
		{33A9EE88-97B5-35E2-B563-1844F16FA3E9}.Debug|x64.Build.0 = Debug|x64
		{33A9EE88-97B5-35E2-B563-1844F16FA3E9}.Release|x64.ActiveCfg = Release|x64
		{33A9EE88-97B5-35E2-B563-1844F16FA3E9}.Release|x64.Build.0 = Release|x64
		{33A9EE88-97B5-35E2-B563-1844F16FA3E9}.MinSizeRel|x64.ActiveCfg = MinSizeRel|x64
		{33A9EE88-97B5-35E2-B563-1844F16FA3E9}.MinSizeRel|x64.Build.0 = MinSizeRel|x64
		{33A9EE88-97B5-35E2-B563-1844F16FA3E9}.RelWithDebInfo|x64.ActiveCfg = RelWithDebInfo|x64
		{33A9EE88-97B5-35E2-B563-1844F16FA3E9}.RelWithDebInfo|x64.Build.0 = RelWithDebInfo|x64
		{ADCD5A1F-3697-3EAB-8D99-E14F5341638D}.Debug|x64.ActiveCfg = Debug|x64
		{ADCD5A1F-3697-3EAB-8D99-E14F5341638D}.Debug|x64.Build.0 = Debug|x64
		{ADCD5A1F-3697-3EAB-8D99-E14F5341638D}.Release|x64.ActiveCfg = Release|x64
		{ADCD5A1F-3697-3EAB-8D99-E14F5341638D}.Release|x64.Build.0 = Release|x64
		{ADCD5A1F-3697-3EAB-8D99-E14F5341638D}.MinSizeRel|x64.ActiveCfg = MinSizeRel|x64
		{ADCD5A1F-3697-3EAB-8D99-E14F5341638D}.MinSizeRel|x64.Build.0 = MinSizeRel|x64
		{ADCD5A1F-3697-3EAB-8D99-E14F5341638D}.RelWithDebInfo|x64.ActiveCfg = RelWithDebInfo|x64
		{ADCD5A1F-3697-3EAB-8D99-E14F5341638D}.RelWithDebInfo|x64.Build.0 = RelWithDebInfo|x64
		{42607304-7B86-3B6D-934A-09552D3849FA}.Debug|x64.ActiveCfg = Debug|x64
		{42607304-7B86-3B6D-934A-09552D3849FA}.Debug|x64.Build.0 = Debug|x64
		{42607304-7B86-3B6D-934A-09552D3849FA}.Release|x64.ActiveCfg = Release|x64
		{42607304-7B86-3B6D-934A-09552D3849FA}.Release|x64.Build.0 = Release|x64
		{42607304-7B86-3B6D-934A-09552D3849FA}.MinSizeRel|x64.ActiveCfg = MinSizeRel|x64
		{42607304-7B86-3B6D-934A-09552D3849FA}.MinSizeRel|x64.Build.0 = MinSizeRel|x64
		{42607304-7B86-3B6D-934A-09552D3849FA}.RelWithDebInfo|x64.ActiveCfg = RelWithDebInfo|x64
		{42607304-7B86-3B6D-934A-09552D3849FA}.RelWithDebInfo|x64.Build.0 = RelWithDebInfo|x64
		{73F6B2B7-A17A-3E12-9899-05E2C933FA5A}.Debug|x64.ActiveCfg = Debug|x64
		{73F6B2B7-A17A-3E12-9899-05E2C933FA5A}.Debug|x64.Build.0 = Debug|x64
		{73F6B2B7-A17A-3E12-9899-05E2C933FA5A}.Release|x64.ActiveCfg = Release|x64
		{73F6B2B7-A17A-3E12-9899-05E2C933FA5A}.Release|x64.Build.0 = Release|x64
		{73F6B2B7-A17A-3E12-9899-05E2C933FA5A}.MinSizeRel|x64.ActiveCfg = MinSizeRel|x64
		{73F6B2B7-A17A-3E12-9899-05E2C933FA5A}.MinSizeRel|x64.Build.0 = MinSizeRel|x64
		{73F6B2B7-A17A-3E12-9899-05E2C933FA5A}.RelWithDebInfo|x64.ActiveCfg = RelWithDebInfo|x64
		{73F6B2B7-A17A-3E12-9899-05E2C933FA5A}.RelWithDebInfo|x64.Build.0 = RelWithDebInfo|x64
		{30825B50-82CD-33BC-B31F-DE02E835B16D}.Debug|x64.ActiveCfg = Debug|x64
		{30825B50-82CD-33BC-B31F-DE02E835B16D}.Debug|x64.Build.0 = Debug|x64
		{30825B50-82CD-33BC-B31F-DE02E835B16D}.Release|x64.ActiveCfg = Release|x64
		{30825B50-82CD-33BC-B31F-DE02E835B16D}.Release|x64.Build.0 = Release|x64
		{30825B50-82CD-33BC-B31F-DE02E835B16D}.MinSizeRel|x64.ActiveCfg = MinSizeRel|x64
		{30825B50-82CD-33BC-B31F-DE02E835B16D}.MinSizeRel|x64.Build.0 = MinSizeRel|x64
		{30825B50-82CD-33BC-B31F-DE02E835B16D}.RelWithDebInfo|x64.ActiveCfg = RelWithDebInfo|x64
		{30825B50-82CD-33BC-B31F-DE02E835B16D}.RelWithDebInfo|x64.Build.0 = RelWithDebInfo|x64
	EndGlobalSection
	GlobalSection(ExtensibilityGlobals) = postSolution
		SolutionGuid = {4273FBE3-881E-3B00-8C86-3E02DAE80014}
	EndGlobalSection
	GlobalSection(ExtensibilityAddIns) = postSolution
	EndGlobalSection
EndGlobal
