<?xml version="1.0" encoding="utf-8"?>
<Project ToolsVersion="4.0" xmlns="http://schemas.microsoft.com/developer/msbuild/2003">
  <ItemGroup>
    <Filter Include="response">
      <UniqueIdentifier>{d6b7373a-d593-4403-b6ff-072c629fbc47}</UniqueIdentifier>
    </Filter>
    <Filter Include="My Recorders">
      <UniqueIdentifier>{8e2b2ff6-4ebe-45d1-94d0-4bcfa98dab7e}</UniqueIdentifier>
    </Filter>
    <Filter Include="My Recorders\cpp">
      <UniqueIdentifier>{57af4cd8-c466-4f3c-a31b-e6c94e023d46}</UniqueIdentifier>
    </Filter>
    <Filter Include="My Recorders\h">
      <UniqueIdentifier>{c83c260a-00e0-4a33-a705-b71848c52331}</UniqueIdentifier>
    </Filter>
  </ItemGroup>
  <ItemGroup>
    <ClCompile Include="..\..\..\SRC\recorder\response\CompositeResponse.cpp">
      <Filter>response</Filter>
    </ClCompile>
    <ClCompile Include="..\..\..\SRC\recorder\response\ElementResponse.cpp">
      <Filter>response</Filter>
    </ClCompile>
    <ClCompile Include="..\..\..\SRC\recorder\response\FiberResponse.cpp">
      <Filter>response</Filter>
    </ClCompile>
    <ClCompile Include="..\..\..\SRC\recorder\response\MaterialResponse.cpp">
      <Filter>response</Filter>
    </ClCompile>
    <ClCompile Include="..\..\..\SRC\recorder\response\Response.cpp">
      <Filter>response</Filter>
    </ClCompile>
    <ClCompile Include="..\..\..\SRC\recorder\response\CrdTransfResponse.cpp">
      <Filter>response</Filter>
    </ClCompile>
    <ClCompile Include="..\..\..\SRC\recorder\ConditionalDriftRecorder.cpp">
      <Filter>My Recorders\cpp</Filter>
    </ClCompile>
    <ClCompile Include="..\..\..\SRC\recorder\ConditionalElementRecorder.cpp">
      <Filter>My Recorders\cpp</Filter>
    </ClCompile>
    <ClCompile Include="..\..\..\SRC\recorder\ConditionalNodeRecorder.cpp">
      <Filter>My Recorders\cpp</Filter>
    </ClCompile>
    <ClCompile Include="..\..\..\SRC\recorder\DriftRecorder.cpp">
      <Filter>My Recorders\cpp</Filter>
    </ClCompile>
    <ClCompile Include="..\..\..\SRC\recorder\ElementRecorder.cpp">
      <Filter>My Recorders\cpp</Filter>
    </ClCompile>
    <ClCompile Include="..\..\..\SRC\recorder\EnvelopeDriftRecorder.cpp">
      <Filter>My Recorders\cpp</Filter>
    </ClCompile>
    <ClCompile Include="..\..\..\SRC\recorder\EnvelopeElementRecorder.cpp">
      <Filter>My Recorders\cpp</Filter>
    </ClCompile>
    <ClCompile Include="..\..\..\SRC\recorder\EnvelopeNodeRecorder.cpp">
      <Filter>My Recorders\cpp</Filter>
    </ClCompile>
    <ClCompile Include="..\..\..\SRC\recorder\NodeRecorder.cpp">
      <Filter>My Recorders\cpp</Filter>
    </ClCompile>
    <ClCompile Include="..\..\..\SRC\recorder\Recorder.cpp">
      <Filter>My Recorders\cpp</Filter>
    </ClCompile>
    <ClCompile Include="..\..\..\SRC\recorder\ResidDriftRecorder.cpp">
      <Filter>My Recorders\cpp</Filter>
    </ClCompile>
    <ClCompile Include="..\..\..\SRC\recorder\ResidElementRecorder.cpp">
      <Filter>My Recorders\cpp</Filter>
    </ClCompile>
    <ClCompile Include="..\..\..\SRC\recorder\ResidNodeRecorder.cpp">
      <Filter>My Recorders\cpp</Filter>
    </ClCompile>
    <ClCompile Include="..\..\..\SRC\recorder\FilePlotter.cpp" />
    <ClCompile Include="..\..\..\SRC\tcl\FeViewer.cpp">
      <Filter>My Recorders\cpp</Filter>
    </ClCompile>
  </ItemGroup>
  <ItemGroup>
    <ClInclude Include="..\..\..\SRC\recorder\response\CompositeResponse.h">
      <Filter>response</Filter>
    </ClInclude>
    <ClInclude Include="..\..\..\SRC\recorder\response\ElementResponse.h">
      <Filter>response</Filter>
    </ClInclude>
    <ClInclude Include="..\..\..\SRC\recorder\response\FiberResponse.h">
      <Filter>response</Filter>
    </ClInclude>
    <ClInclude Include="..\..\..\SRC\recorder\response\MaterialResponse.h">
      <Filter>response</Filter>
    </ClInclude>
    <ClInclude Include="..\..\..\SRC\recorder\response\Response.h">
      <Filter>response</Filter>
    </ClInclude>
    <ClInclude Include="..\..\..\SRC\recorder\response\CrdTransfResponse.h">
      <Filter>response</Filter>
    </ClInclude>
    <ClInclude Include="..\..\..\SRC\recorder\ConditionalDriftRecorder.h">
      <Filter>My Recorders\h</Filter>
    </ClInclude>
    <ClInclude Include="..\..\..\SRC\recorder\ConditionalElementRecorder.h">
      <Filter>My Recorders\h</Filter>
    </ClInclude>
    <ClInclude Include="..\..\..\SRC\recorder\ConditionalNodeRecorder.h">
      <Filter>My Recorders\h</Filter>
    </ClInclude>
    <ClInclude Include="..\..\..\SRC\recorder\DriftRecorder.h">
      <Filter>My Recorders\h</Filter>
    </ClInclude>
    <ClInclude Include="..\..\..\SRC\recorder\ElementRecorder.h">
      <Filter>My Recorders\h</Filter>
    </ClInclude>
    <ClInclude Include="..\..\..\SRC\recorder\EnvelopeDriftRecorder.h">
      <Filter>My Recorders\h</Filter>
    </ClInclude>
    <ClInclude Include="..\..\..\SRC\recorder\EnvelopeElementRecorder.h">
      <Filter>My Recorders\h</Filter>
    </ClInclude>
    <ClInclude Include="..\..\..\SRC\recorder\EnvelopeNodeRecorder.h">
      <Filter>My Recorders\h</Filter>
    </ClInclude>
    <ClInclude Include="..\..\..\SRC\recorder\NodeRecorder.h">
      <Filter>My Recorders\h</Filter>
    </ClInclude>
    <ClInclude Include="..\..\..\SRC\recorder\Recorder.h">
      <Filter>My Recorders\h</Filter>
    </ClInclude>
    <ClInclude Include="..\..\..\SRC\recorder\ResidDriftRecorder.h">
      <Filter>My Recorders\h</Filter>
    </ClInclude>
    <ClInclude Include="..\..\..\SRC\recorder\ResidElementRecorder.h">
      <Filter>My Recorders\h</Filter>
    </ClInclude>
    <ClInclude Include="..\..\..\SRC\recorder\ResidNodeRecorder.h">
      <Filter>My Recorders\h</Filter>
    </ClInclude>
    <ClInclude Include="..\..\..\SRC\recorder\FilePlotter.h" />
    <ClInclude Include="..\..\..\SRC\tcl\FeViewer.h">
      <Filter>My Recorders\h</Filter>
    </ClInclude>
  </ItemGroup>
</Project>