<?xml version="1.0" encoding="utf-8"?>
<Project ToolsVersion="16.0" xmlns="http://schemas.microsoft.com/developer/msbuild/2003">
  <ItemGroup>
    <ClCompile Include="I:\OmranElmAfzar\OpenSees\OTHER\mumps_5.3.5 with CMake\VS Projects\_deps\scalapack-src\BLACS\SRC\BI_HypBS.c">
      <Filter>Source Files</Filter>
    </ClCompile>
    <ClCompile Include="I:\OmranElmAfzar\OpenSees\OTHER\mumps_5.3.5 with CMake\VS Projects\_deps\scalapack-src\BLACS\SRC\BI_HypBR.c">
      <Filter>Source Files</Filter>
    </ClCompile>
    <ClCompile Include="I:\OmranElmAfzar\OpenSees\OTHER\mumps_5.3.5 with CMake\VS Projects\_deps\scalapack-src\BLACS\SRC\BI_IdringBS.c">
      <Filter>Source Files</Filter>
    </ClCompile>
    <ClCompile Include="I:\OmranElmAfzar\OpenSees\OTHER\mumps_5.3.5 with CMake\VS Projects\_deps\scalapack-src\BLACS\SRC\BI_IdringBR.c">
      <Filter>Source Files</Filter>
    </ClCompile>
    <ClCompile Include="I:\OmranElmAfzar\OpenSees\OTHER\mumps_5.3.5 with CMake\VS Projects\_deps\scalapack-src\BLACS\SRC\BI_MpathBS.c">
      <Filter>Source Files</Filter>
    </ClCompile>
    <ClCompile Include="I:\OmranElmAfzar\OpenSees\OTHER\mumps_5.3.5 with CMake\VS Projects\_deps\scalapack-src\BLACS\SRC\BI_MpathBR.c">
      <Filter>Source Files</Filter>
    </ClCompile>
    <ClCompile Include="I:\OmranElmAfzar\OpenSees\OTHER\mumps_5.3.5 with CMake\VS Projects\_deps\scalapack-src\BLACS\SRC\BI_SringBS.c">
      <Filter>Source Files</Filter>
    </ClCompile>
    <ClCompile Include="I:\OmranElmAfzar\OpenSees\OTHER\mumps_5.3.5 with CMake\VS Projects\_deps\scalapack-src\BLACS\SRC\BI_SringBR.c">
      <Filter>Source Files</Filter>
    </ClCompile>
    <ClCompile Include="I:\OmranElmAfzar\OpenSees\OTHER\mumps_5.3.5 with CMake\VS Projects\_deps\scalapack-src\BLACS\SRC\BI_TreeBS.c">
      <Filter>Source Files</Filter>
    </ClCompile>
    <ClCompile Include="I:\OmranElmAfzar\OpenSees\OTHER\mumps_5.3.5 with CMake\VS Projects\_deps\scalapack-src\BLACS\SRC\BI_TreeBR.c">
      <Filter>Source Files</Filter>
    </ClCompile>
    <ClCompile Include="I:\OmranElmAfzar\OpenSees\OTHER\mumps_5.3.5 with CMake\VS Projects\_deps\scalapack-src\BLACS\SRC\BI_Ssend.c">
      <Filter>Source Files</Filter>
    </ClCompile>
    <ClCompile Include="I:\OmranElmAfzar\OpenSees\OTHER\mumps_5.3.5 with CMake\VS Projects\_deps\scalapack-src\BLACS\SRC\BI_Rsend.c">
      <Filter>Source Files</Filter>
    </ClCompile>
    <ClCompile Include="I:\OmranElmAfzar\OpenSees\OTHER\mumps_5.3.5 with CMake\VS Projects\_deps\scalapack-src\BLACS\SRC\BI_Srecv.c">
      <Filter>Source Files</Filter>
    </ClCompile>
    <ClCompile Include="I:\OmranElmAfzar\OpenSees\OTHER\mumps_5.3.5 with CMake\VS Projects\_deps\scalapack-src\BLACS\SRC\BI_Asend.c">
      <Filter>Source Files</Filter>
    </ClCompile>
    <ClCompile Include="I:\OmranElmAfzar\OpenSees\OTHER\mumps_5.3.5 with CMake\VS Projects\_deps\scalapack-src\BLACS\SRC\BI_Arecv.c">
      <Filter>Source Files</Filter>
    </ClCompile>
    <ClCompile Include="I:\OmranElmAfzar\OpenSees\OTHER\mumps_5.3.5 with CMake\VS Projects\_deps\scalapack-src\BLACS\SRC\BI_TreeComb.c">
      <Filter>Source Files</Filter>
    </ClCompile>
    <ClCompile Include="I:\OmranElmAfzar\OpenSees\OTHER\mumps_5.3.5 with CMake\VS Projects\_deps\scalapack-src\BLACS\SRC\BI_BeComb.c">
      <Filter>Source Files</Filter>
    </ClCompile>
    <ClCompile Include="I:\OmranElmAfzar\OpenSees\OTHER\mumps_5.3.5 with CMake\VS Projects\_deps\scalapack-src\BLACS\SRC\BI_MringComb.c">
      <Filter>Source Files</Filter>
    </ClCompile>
    <ClCompile Include="I:\OmranElmAfzar\OpenSees\OTHER\mumps_5.3.5 with CMake\VS Projects\_deps\scalapack-src\BLACS\SRC\BI_ArgCheck.c">
      <Filter>Source Files</Filter>
    </ClCompile>
    <ClCompile Include="I:\OmranElmAfzar\OpenSees\OTHER\mumps_5.3.5 with CMake\VS Projects\_deps\scalapack-src\BLACS\SRC\BI_TransDist.c">
      <Filter>Source Files</Filter>
    </ClCompile>
    <ClCompile Include="I:\OmranElmAfzar\OpenSees\OTHER\mumps_5.3.5 with CMake\VS Projects\_deps\scalapack-src\BLACS\SRC\BI_GetBuff.c">
      <Filter>Source Files</Filter>
    </ClCompile>
    <ClCompile Include="I:\OmranElmAfzar\OpenSees\OTHER\mumps_5.3.5 with CMake\VS Projects\_deps\scalapack-src\BLACS\SRC\BI_UpdateBuffs.c">
      <Filter>Source Files</Filter>
    </ClCompile>
    <ClCompile Include="I:\OmranElmAfzar\OpenSees\OTHER\mumps_5.3.5 with CMake\VS Projects\_deps\scalapack-src\BLACS\SRC\BI_EmergencyBuff.c">
      <Filter>Source Files</Filter>
    </ClCompile>
    <ClCompile Include="I:\OmranElmAfzar\OpenSees\OTHER\mumps_5.3.5 with CMake\VS Projects\_deps\scalapack-src\BLACS\SRC\BI_BlacsErr.c">
      <Filter>Source Files</Filter>
    </ClCompile>
    <ClCompile Include="I:\OmranElmAfzar\OpenSees\OTHER\mumps_5.3.5 with CMake\VS Projects\_deps\scalapack-src\BLACS\SRC\BI_BlacsWarn.c">
      <Filter>Source Files</Filter>
    </ClCompile>
    <ClCompile Include="I:\OmranElmAfzar\OpenSees\OTHER\mumps_5.3.5 with CMake\VS Projects\_deps\scalapack-src\BLACS\SRC\BI_BlacsAbort.c">
      <Filter>Source Files</Filter>
    </ClCompile>
    <ClCompile Include="I:\OmranElmAfzar\OpenSees\OTHER\mumps_5.3.5 with CMake\VS Projects\_deps\scalapack-src\BLACS\SRC\BI_BuffIsFree.c">
      <Filter>Source Files</Filter>
    </ClCompile>
    <ClCompile Include="I:\OmranElmAfzar\OpenSees\OTHER\mumps_5.3.5 with CMake\VS Projects\_deps\scalapack-src\BLACS\SRC\BI_imvcopy.c">
      <Filter>Source Files</Filter>
    </ClCompile>
    <ClCompile Include="I:\OmranElmAfzar\OpenSees\OTHER\mumps_5.3.5 with CMake\VS Projects\_deps\scalapack-src\BLACS\SRC\BI_ivmcopy.c">
      <Filter>Source Files</Filter>
    </ClCompile>
    <ClCompile Include="I:\OmranElmAfzar\OpenSees\OTHER\mumps_5.3.5 with CMake\VS Projects\_deps\scalapack-src\BLACS\SRC\BI_Pack.c">
      <Filter>Source Files</Filter>
    </ClCompile>
    <ClCompile Include="I:\OmranElmAfzar\OpenSees\OTHER\mumps_5.3.5 with CMake\VS Projects\_deps\scalapack-src\BLACS\SRC\BI_Unpack.c">
      <Filter>Source Files</Filter>
    </ClCompile>
    <ClCompile Include="I:\OmranElmAfzar\OpenSees\OTHER\mumps_5.3.5 with CMake\VS Projects\_deps\scalapack-src\BLACS\SRC\BI_GetMpiGeType.c">
      <Filter>Source Files</Filter>
    </ClCompile>
    <ClCompile Include="I:\OmranElmAfzar\OpenSees\OTHER\mumps_5.3.5 with CMake\VS Projects\_deps\scalapack-src\BLACS\SRC\BI_GetMpiTrType.c">
      <Filter>Source Files</Filter>
    </ClCompile>
    <ClCompile Include="I:\OmranElmAfzar\OpenSees\OTHER\mumps_5.3.5 with CMake\VS Projects\_deps\scalapack-src\BLACS\SRC\BI_ivvsum.c">
      <Filter>Source Files</Filter>
    </ClCompile>
    <ClCompile Include="I:\OmranElmAfzar\OpenSees\OTHER\mumps_5.3.5 with CMake\VS Projects\_deps\scalapack-src\BLACS\SRC\BI_ivvamx.c">
      <Filter>Source Files</Filter>
    </ClCompile>
    <ClCompile Include="I:\OmranElmAfzar\OpenSees\OTHER\mumps_5.3.5 with CMake\VS Projects\_deps\scalapack-src\BLACS\SRC\BI_ivvamx2.c">
      <Filter>Source Files</Filter>
    </ClCompile>
    <ClCompile Include="I:\OmranElmAfzar\OpenSees\OTHER\mumps_5.3.5 with CMake\VS Projects\_deps\scalapack-src\BLACS\SRC\BI_ivvamn.c">
      <Filter>Source Files</Filter>
    </ClCompile>
    <ClCompile Include="I:\OmranElmAfzar\OpenSees\OTHER\mumps_5.3.5 with CMake\VS Projects\_deps\scalapack-src\BLACS\SRC\BI_ivvamn2.c">
      <Filter>Source Files</Filter>
    </ClCompile>
    <ClCompile Include="I:\OmranElmAfzar\OpenSees\OTHER\mumps_5.3.5 with CMake\VS Projects\_deps\scalapack-src\BLACS\SRC\BI_iMPI_amx.c">
      <Filter>Source Files</Filter>
    </ClCompile>
    <ClCompile Include="I:\OmranElmAfzar\OpenSees\OTHER\mumps_5.3.5 with CMake\VS Projects\_deps\scalapack-src\BLACS\SRC\BI_iMPI_amx2.c">
      <Filter>Source Files</Filter>
    </ClCompile>
    <ClCompile Include="I:\OmranElmAfzar\OpenSees\OTHER\mumps_5.3.5 with CMake\VS Projects\_deps\scalapack-src\BLACS\SRC\BI_iMPI_amn.c">
      <Filter>Source Files</Filter>
    </ClCompile>
    <ClCompile Include="I:\OmranElmAfzar\OpenSees\OTHER\mumps_5.3.5 with CMake\VS Projects\_deps\scalapack-src\BLACS\SRC\BI_iMPI_amn2.c">
      <Filter>Source Files</Filter>
    </ClCompile>
    <ClCompile Include="I:\OmranElmAfzar\OpenSees\OTHER\mumps_5.3.5 with CMake\VS Projects\_deps\scalapack-src\BLACS\SRC\BI_ContxtNum.c">
      <Filter>Source Files</Filter>
    </ClCompile>
    <ClCompile Include="I:\OmranElmAfzar\OpenSees\OTHER\mumps_5.3.5 with CMake\VS Projects\_deps\scalapack-src\BLACS\SRC\BI_GlobalVars.c">
      <Filter>Source Files</Filter>
    </ClCompile>
    <ClCompile Include="I:\OmranElmAfzar\OpenSees\OTHER\mumps_5.3.5 with CMake\VS Projects\_deps\scalapack-src\BLACS\SRC\BI_TransUserComm.c">
      <Filter>Source Files</Filter>
    </ClCompile>
    <ClCompile Include="I:\OmranElmAfzar\OpenSees\OTHER\mumps_5.3.5 with CMake\VS Projects\_deps\scalapack-src\BLACS\SRC\BI_svvsum.c">
      <Filter>Source Files</Filter>
    </ClCompile>
    <ClCompile Include="I:\OmranElmAfzar\OpenSees\OTHER\mumps_5.3.5 with CMake\VS Projects\_deps\scalapack-src\BLACS\SRC\BI_svvamx.c">
      <Filter>Source Files</Filter>
    </ClCompile>
    <ClCompile Include="I:\OmranElmAfzar\OpenSees\OTHER\mumps_5.3.5 with CMake\VS Projects\_deps\scalapack-src\BLACS\SRC\BI_svvamx2.c">
      <Filter>Source Files</Filter>
    </ClCompile>
    <ClCompile Include="I:\OmranElmAfzar\OpenSees\OTHER\mumps_5.3.5 with CMake\VS Projects\_deps\scalapack-src\BLACS\SRC\BI_svvamn.c">
      <Filter>Source Files</Filter>
    </ClCompile>
    <ClCompile Include="I:\OmranElmAfzar\OpenSees\OTHER\mumps_5.3.5 with CMake\VS Projects\_deps\scalapack-src\BLACS\SRC\BI_svvamn2.c">
      <Filter>Source Files</Filter>
    </ClCompile>
    <ClCompile Include="I:\OmranElmAfzar\OpenSees\OTHER\mumps_5.3.5 with CMake\VS Projects\_deps\scalapack-src\BLACS\SRC\BI_sMPI_amx.c">
      <Filter>Source Files</Filter>
    </ClCompile>
    <ClCompile Include="I:\OmranElmAfzar\OpenSees\OTHER\mumps_5.3.5 with CMake\VS Projects\_deps\scalapack-src\BLACS\SRC\BI_sMPI_amx2.c">
      <Filter>Source Files</Filter>
    </ClCompile>
    <ClCompile Include="I:\OmranElmAfzar\OpenSees\OTHER\mumps_5.3.5 with CMake\VS Projects\_deps\scalapack-src\BLACS\SRC\BI_sMPI_amn.c">
      <Filter>Source Files</Filter>
    </ClCompile>
    <ClCompile Include="I:\OmranElmAfzar\OpenSees\OTHER\mumps_5.3.5 with CMake\VS Projects\_deps\scalapack-src\BLACS\SRC\BI_sMPI_amn2.c">
      <Filter>Source Files</Filter>
    </ClCompile>
    <ClCompile Include="I:\OmranElmAfzar\OpenSees\OTHER\mumps_5.3.5 with CMake\VS Projects\_deps\scalapack-src\BLACS\SRC\BI_dvvsum.c">
      <Filter>Source Files</Filter>
    </ClCompile>
    <ClCompile Include="I:\OmranElmAfzar\OpenSees\OTHER\mumps_5.3.5 with CMake\VS Projects\_deps\scalapack-src\BLACS\SRC\BI_dvvamx.c">
      <Filter>Source Files</Filter>
    </ClCompile>
    <ClCompile Include="I:\OmranElmAfzar\OpenSees\OTHER\mumps_5.3.5 with CMake\VS Projects\_deps\scalapack-src\BLACS\SRC\BI_dvvamx2.c">
      <Filter>Source Files</Filter>
    </ClCompile>
    <ClCompile Include="I:\OmranElmAfzar\OpenSees\OTHER\mumps_5.3.5 with CMake\VS Projects\_deps\scalapack-src\BLACS\SRC\BI_dvvamn.c">
      <Filter>Source Files</Filter>
    </ClCompile>
    <ClCompile Include="I:\OmranElmAfzar\OpenSees\OTHER\mumps_5.3.5 with CMake\VS Projects\_deps\scalapack-src\BLACS\SRC\BI_dvvamn2.c">
      <Filter>Source Files</Filter>
    </ClCompile>
    <ClCompile Include="I:\OmranElmAfzar\OpenSees\OTHER\mumps_5.3.5 with CMake\VS Projects\_deps\scalapack-src\BLACS\SRC\BI_dMPI_amx.c">
      <Filter>Source Files</Filter>
    </ClCompile>
    <ClCompile Include="I:\OmranElmAfzar\OpenSees\OTHER\mumps_5.3.5 with CMake\VS Projects\_deps\scalapack-src\BLACS\SRC\BI_dMPI_amx2.c">
      <Filter>Source Files</Filter>
    </ClCompile>
    <ClCompile Include="I:\OmranElmAfzar\OpenSees\OTHER\mumps_5.3.5 with CMake\VS Projects\_deps\scalapack-src\BLACS\SRC\BI_dMPI_amn.c">
      <Filter>Source Files</Filter>
    </ClCompile>
    <ClCompile Include="I:\OmranElmAfzar\OpenSees\OTHER\mumps_5.3.5 with CMake\VS Projects\_deps\scalapack-src\BLACS\SRC\BI_dMPI_amn2.c">
      <Filter>Source Files</Filter>
    </ClCompile>
    <ClCompile Include="I:\OmranElmAfzar\OpenSees\OTHER\mumps_5.3.5 with CMake\VS Projects\_deps\scalapack-src\BLACS\SRC\BI_cvvsum.c">
      <Filter>Source Files</Filter>
    </ClCompile>
    <ClCompile Include="I:\OmranElmAfzar\OpenSees\OTHER\mumps_5.3.5 with CMake\VS Projects\_deps\scalapack-src\BLACS\SRC\BI_cvvamx.c">
      <Filter>Source Files</Filter>
    </ClCompile>
    <ClCompile Include="I:\OmranElmAfzar\OpenSees\OTHER\mumps_5.3.5 with CMake\VS Projects\_deps\scalapack-src\BLACS\SRC\BI_cvvamx2.c">
      <Filter>Source Files</Filter>
    </ClCompile>
    <ClCompile Include="I:\OmranElmAfzar\OpenSees\OTHER\mumps_5.3.5 with CMake\VS Projects\_deps\scalapack-src\BLACS\SRC\BI_cvvamn.c">
      <Filter>Source Files</Filter>
    </ClCompile>
    <ClCompile Include="I:\OmranElmAfzar\OpenSees\OTHER\mumps_5.3.5 with CMake\VS Projects\_deps\scalapack-src\BLACS\SRC\BI_cvvamn2.c">
      <Filter>Source Files</Filter>
    </ClCompile>
    <ClCompile Include="I:\OmranElmAfzar\OpenSees\OTHER\mumps_5.3.5 with CMake\VS Projects\_deps\scalapack-src\BLACS\SRC\BI_cMPI_amx.c">
      <Filter>Source Files</Filter>
    </ClCompile>
    <ClCompile Include="I:\OmranElmAfzar\OpenSees\OTHER\mumps_5.3.5 with CMake\VS Projects\_deps\scalapack-src\BLACS\SRC\BI_cMPI_amx2.c">
      <Filter>Source Files</Filter>
    </ClCompile>
    <ClCompile Include="I:\OmranElmAfzar\OpenSees\OTHER\mumps_5.3.5 with CMake\VS Projects\_deps\scalapack-src\BLACS\SRC\BI_cMPI_amn.c">
      <Filter>Source Files</Filter>
    </ClCompile>
    <ClCompile Include="I:\OmranElmAfzar\OpenSees\OTHER\mumps_5.3.5 with CMake\VS Projects\_deps\scalapack-src\BLACS\SRC\BI_cMPI_amn2.c">
      <Filter>Source Files</Filter>
    </ClCompile>
    <ClCompile Include="I:\OmranElmAfzar\OpenSees\OTHER\mumps_5.3.5 with CMake\VS Projects\_deps\scalapack-src\BLACS\SRC\BI_cMPI_sum.c">
      <Filter>Source Files</Filter>
    </ClCompile>
    <ClCompile Include="I:\OmranElmAfzar\OpenSees\OTHER\mumps_5.3.5 with CMake\VS Projects\_deps\scalapack-src\BLACS\SRC\BI_zvvsum.c">
      <Filter>Source Files</Filter>
    </ClCompile>
    <ClCompile Include="I:\OmranElmAfzar\OpenSees\OTHER\mumps_5.3.5 with CMake\VS Projects\_deps\scalapack-src\BLACS\SRC\BI_zvvamx.c">
      <Filter>Source Files</Filter>
    </ClCompile>
    <ClCompile Include="I:\OmranElmAfzar\OpenSees\OTHER\mumps_5.3.5 with CMake\VS Projects\_deps\scalapack-src\BLACS\SRC\BI_zvvamx2.c">
      <Filter>Source Files</Filter>
    </ClCompile>
    <ClCompile Include="I:\OmranElmAfzar\OpenSees\OTHER\mumps_5.3.5 with CMake\VS Projects\_deps\scalapack-src\BLACS\SRC\BI_zvvamn.c">
      <Filter>Source Files</Filter>
    </ClCompile>
    <ClCompile Include="I:\OmranElmAfzar\OpenSees\OTHER\mumps_5.3.5 with CMake\VS Projects\_deps\scalapack-src\BLACS\SRC\BI_zvvamn2.c">
      <Filter>Source Files</Filter>
    </ClCompile>
    <ClCompile Include="I:\OmranElmAfzar\OpenSees\OTHER\mumps_5.3.5 with CMake\VS Projects\_deps\scalapack-src\BLACS\SRC\BI_zMPI_amx.c">
      <Filter>Source Files</Filter>
    </ClCompile>
    <ClCompile Include="I:\OmranElmAfzar\OpenSees\OTHER\mumps_5.3.5 with CMake\VS Projects\_deps\scalapack-src\BLACS\SRC\BI_zMPI_amx2.c">
      <Filter>Source Files</Filter>
    </ClCompile>
    <ClCompile Include="I:\OmranElmAfzar\OpenSees\OTHER\mumps_5.3.5 with CMake\VS Projects\_deps\scalapack-src\BLACS\SRC\BI_zMPI_amn.c">
      <Filter>Source Files</Filter>
    </ClCompile>
    <ClCompile Include="I:\OmranElmAfzar\OpenSees\OTHER\mumps_5.3.5 with CMake\VS Projects\_deps\scalapack-src\BLACS\SRC\BI_zMPI_amn2.c">
      <Filter>Source Files</Filter>
    </ClCompile>
    <ClCompile Include="I:\OmranElmAfzar\OpenSees\OTHER\mumps_5.3.5 with CMake\VS Projects\_deps\scalapack-src\BLACS\SRC\BI_zMPI_sum.c">
      <Filter>Source Files</Filter>
    </ClCompile>
    <ClCompile Include="I:\OmranElmAfzar\OpenSees\OTHER\mumps_5.3.5 with CMake\VS Projects\_deps\scalapack-src\BLACS\SRC\BI_smvcopy.c">
      <Filter>Source Files</Filter>
    </ClCompile>
    <ClCompile Include="I:\OmranElmAfzar\OpenSees\OTHER\mumps_5.3.5 with CMake\VS Projects\_deps\scalapack-src\BLACS\SRC\BI_svmcopy.c">
      <Filter>Source Files</Filter>
    </ClCompile>
    <ClCompile Include="I:\OmranElmAfzar\OpenSees\OTHER\mumps_5.3.5 with CMake\VS Projects\_deps\scalapack-src\BLACS\SRC\BI_dmvcopy.c">
      <Filter>Source Files</Filter>
    </ClCompile>
    <ClCompile Include="I:\OmranElmAfzar\OpenSees\OTHER\mumps_5.3.5 with CMake\VS Projects\_deps\scalapack-src\BLACS\SRC\BI_dvmcopy.c">
      <Filter>Source Files</Filter>
    </ClCompile>
  </ItemGroup>
  <ItemGroup>
    <CustomBuild Include="I:\OmranElmAfzar\OpenSees\OTHER\mumps_5.3.5 with CMake\VS Projects\_deps\scalapack-src\BLACS\SRC\CMakeLists.txt" />
  </ItemGroup>
  <ItemGroup>
    <Object Include="I:\OmranElmAfzar\OpenSees\OTHER\mumps_5.3.5 with CMake\VS Projects\_deps\scalapack-build\BLACS\SRC\blacsF77init.dir\$(Configuration)\igesd2d_.obj">
      <Filter>Object Libraries</Filter>
    </Object>
    <Object Include="I:\OmranElmAfzar\OpenSees\OTHER\mumps_5.3.5 with CMake\VS Projects\_deps\scalapack-build\BLACS\SRC\blacsF77init.dir\$(Configuration)\itrsd2d_.obj">
      <Filter>Object Libraries</Filter>
    </Object>
    <Object Include="I:\OmranElmAfzar\OpenSees\OTHER\mumps_5.3.5 with CMake\VS Projects\_deps\scalapack-build\BLACS\SRC\blacsF77init.dir\$(Configuration)\igerv2d_.obj">
      <Filter>Object Libraries</Filter>
    </Object>
    <Object Include="I:\OmranElmAfzar\OpenSees\OTHER\mumps_5.3.5 with CMake\VS Projects\_deps\scalapack-build\BLACS\SRC\blacsF77init.dir\$(Configuration)\itrrv2d_.obj">
      <Filter>Object Libraries</Filter>
    </Object>
    <Object Include="I:\OmranElmAfzar\OpenSees\OTHER\mumps_5.3.5 with CMake\VS Projects\_deps\scalapack-build\BLACS\SRC\blacsF77init.dir\$(Configuration)\igebs2d_.obj">
      <Filter>Object Libraries</Filter>
    </Object>
    <Object Include="I:\OmranElmAfzar\OpenSees\OTHER\mumps_5.3.5 with CMake\VS Projects\_deps\scalapack-build\BLACS\SRC\blacsF77init.dir\$(Configuration)\igebr2d_.obj">
      <Filter>Object Libraries</Filter>
    </Object>
    <Object Include="I:\OmranElmAfzar\OpenSees\OTHER\mumps_5.3.5 with CMake\VS Projects\_deps\scalapack-build\BLACS\SRC\blacsF77init.dir\$(Configuration)\itrbs2d_.obj">
      <Filter>Object Libraries</Filter>
    </Object>
    <Object Include="I:\OmranElmAfzar\OpenSees\OTHER\mumps_5.3.5 with CMake\VS Projects\_deps\scalapack-build\BLACS\SRC\blacsF77init.dir\$(Configuration)\itrbr2d_.obj">
      <Filter>Object Libraries</Filter>
    </Object>
    <Object Include="I:\OmranElmAfzar\OpenSees\OTHER\mumps_5.3.5 with CMake\VS Projects\_deps\scalapack-build\BLACS\SRC\blacsF77init.dir\$(Configuration)\igsum2d_.obj">
      <Filter>Object Libraries</Filter>
    </Object>
    <Object Include="I:\OmranElmAfzar\OpenSees\OTHER\mumps_5.3.5 with CMake\VS Projects\_deps\scalapack-build\BLACS\SRC\blacsF77init.dir\$(Configuration)\igamx2d_.obj">
      <Filter>Object Libraries</Filter>
    </Object>
    <Object Include="I:\OmranElmAfzar\OpenSees\OTHER\mumps_5.3.5 with CMake\VS Projects\_deps\scalapack-build\BLACS\SRC\blacsF77init.dir\$(Configuration)\igamn2d_.obj">
      <Filter>Object Libraries</Filter>
    </Object>
    <Object Include="I:\OmranElmAfzar\OpenSees\OTHER\mumps_5.3.5 with CMake\VS Projects\_deps\scalapack-build\BLACS\SRC\blacsF77init.dir\$(Configuration)\sgesd2d_.obj">
      <Filter>Object Libraries</Filter>
    </Object>
    <Object Include="I:\OmranElmAfzar\OpenSees\OTHER\mumps_5.3.5 with CMake\VS Projects\_deps\scalapack-build\BLACS\SRC\blacsF77init.dir\$(Configuration)\strsd2d_.obj">
      <Filter>Object Libraries</Filter>
    </Object>
    <Object Include="I:\OmranElmAfzar\OpenSees\OTHER\mumps_5.3.5 with CMake\VS Projects\_deps\scalapack-build\BLACS\SRC\blacsF77init.dir\$(Configuration)\sgerv2d_.obj">
      <Filter>Object Libraries</Filter>
    </Object>
    <Object Include="I:\OmranElmAfzar\OpenSees\OTHER\mumps_5.3.5 with CMake\VS Projects\_deps\scalapack-build\BLACS\SRC\blacsF77init.dir\$(Configuration)\strrv2d_.obj">
      <Filter>Object Libraries</Filter>
    </Object>
    <Object Include="I:\OmranElmAfzar\OpenSees\OTHER\mumps_5.3.5 with CMake\VS Projects\_deps\scalapack-build\BLACS\SRC\blacsF77init.dir\$(Configuration)\sgebs2d_.obj">
      <Filter>Object Libraries</Filter>
    </Object>
    <Object Include="I:\OmranElmAfzar\OpenSees\OTHER\mumps_5.3.5 with CMake\VS Projects\_deps\scalapack-build\BLACS\SRC\blacsF77init.dir\$(Configuration)\sgebr2d_.obj">
      <Filter>Object Libraries</Filter>
    </Object>
    <Object Include="I:\OmranElmAfzar\OpenSees\OTHER\mumps_5.3.5 with CMake\VS Projects\_deps\scalapack-build\BLACS\SRC\blacsF77init.dir\$(Configuration)\strbs2d_.obj">
      <Filter>Object Libraries</Filter>
    </Object>
    <Object Include="I:\OmranElmAfzar\OpenSees\OTHER\mumps_5.3.5 with CMake\VS Projects\_deps\scalapack-build\BLACS\SRC\blacsF77init.dir\$(Configuration)\strbr2d_.obj">
      <Filter>Object Libraries</Filter>
    </Object>
    <Object Include="I:\OmranElmAfzar\OpenSees\OTHER\mumps_5.3.5 with CMake\VS Projects\_deps\scalapack-build\BLACS\SRC\blacsF77init.dir\$(Configuration)\sgsum2d_.obj">
      <Filter>Object Libraries</Filter>
    </Object>
    <Object Include="I:\OmranElmAfzar\OpenSees\OTHER\mumps_5.3.5 with CMake\VS Projects\_deps\scalapack-build\BLACS\SRC\blacsF77init.dir\$(Configuration)\sgamx2d_.obj">
      <Filter>Object Libraries</Filter>
    </Object>
    <Object Include="I:\OmranElmAfzar\OpenSees\OTHER\mumps_5.3.5 with CMake\VS Projects\_deps\scalapack-build\BLACS\SRC\blacsF77init.dir\$(Configuration)\sgamn2d_.obj">
      <Filter>Object Libraries</Filter>
    </Object>
    <Object Include="I:\OmranElmAfzar\OpenSees\OTHER\mumps_5.3.5 with CMake\VS Projects\_deps\scalapack-build\BLACS\SRC\blacsF77init.dir\$(Configuration)\dgesd2d_.obj">
      <Filter>Object Libraries</Filter>
    </Object>
    <Object Include="I:\OmranElmAfzar\OpenSees\OTHER\mumps_5.3.5 with CMake\VS Projects\_deps\scalapack-build\BLACS\SRC\blacsF77init.dir\$(Configuration)\dtrsd2d_.obj">
      <Filter>Object Libraries</Filter>
    </Object>
    <Object Include="I:\OmranElmAfzar\OpenSees\OTHER\mumps_5.3.5 with CMake\VS Projects\_deps\scalapack-build\BLACS\SRC\blacsF77init.dir\$(Configuration)\dgerv2d_.obj">
      <Filter>Object Libraries</Filter>
    </Object>
    <Object Include="I:\OmranElmAfzar\OpenSees\OTHER\mumps_5.3.5 with CMake\VS Projects\_deps\scalapack-build\BLACS\SRC\blacsF77init.dir\$(Configuration)\dtrrv2d_.obj">
      <Filter>Object Libraries</Filter>
    </Object>
    <Object Include="I:\OmranElmAfzar\OpenSees\OTHER\mumps_5.3.5 with CMake\VS Projects\_deps\scalapack-build\BLACS\SRC\blacsF77init.dir\$(Configuration)\dgebs2d_.obj">
      <Filter>Object Libraries</Filter>
    </Object>
    <Object Include="I:\OmranElmAfzar\OpenSees\OTHER\mumps_5.3.5 with CMake\VS Projects\_deps\scalapack-build\BLACS\SRC\blacsF77init.dir\$(Configuration)\dgebr2d_.obj">
      <Filter>Object Libraries</Filter>
    </Object>
    <Object Include="I:\OmranElmAfzar\OpenSees\OTHER\mumps_5.3.5 with CMake\VS Projects\_deps\scalapack-build\BLACS\SRC\blacsF77init.dir\$(Configuration)\dtrbs2d_.obj">
      <Filter>Object Libraries</Filter>
    </Object>
    <Object Include="I:\OmranElmAfzar\OpenSees\OTHER\mumps_5.3.5 with CMake\VS Projects\_deps\scalapack-build\BLACS\SRC\blacsF77init.dir\$(Configuration)\dtrbr2d_.obj">
      <Filter>Object Libraries</Filter>
    </Object>
    <Object Include="I:\OmranElmAfzar\OpenSees\OTHER\mumps_5.3.5 with CMake\VS Projects\_deps\scalapack-build\BLACS\SRC\blacsF77init.dir\$(Configuration)\dgsum2d_.obj">
      <Filter>Object Libraries</Filter>
    </Object>
    <Object Include="I:\OmranElmAfzar\OpenSees\OTHER\mumps_5.3.5 with CMake\VS Projects\_deps\scalapack-build\BLACS\SRC\blacsF77init.dir\$(Configuration)\dgamx2d_.obj">
      <Filter>Object Libraries</Filter>
    </Object>
    <Object Include="I:\OmranElmAfzar\OpenSees\OTHER\mumps_5.3.5 with CMake\VS Projects\_deps\scalapack-build\BLACS\SRC\blacsF77init.dir\$(Configuration)\dgamn2d_.obj">
      <Filter>Object Libraries</Filter>
    </Object>
    <Object Include="I:\OmranElmAfzar\OpenSees\OTHER\mumps_5.3.5 with CMake\VS Projects\_deps\scalapack-build\BLACS\SRC\blacsF77init.dir\$(Configuration)\cgesd2d_.obj">
      <Filter>Object Libraries</Filter>
    </Object>
    <Object Include="I:\OmranElmAfzar\OpenSees\OTHER\mumps_5.3.5 with CMake\VS Projects\_deps\scalapack-build\BLACS\SRC\blacsF77init.dir\$(Configuration)\ctrsd2d_.obj">
      <Filter>Object Libraries</Filter>
    </Object>
    <Object Include="I:\OmranElmAfzar\OpenSees\OTHER\mumps_5.3.5 with CMake\VS Projects\_deps\scalapack-build\BLACS\SRC\blacsF77init.dir\$(Configuration)\cgerv2d_.obj">
      <Filter>Object Libraries</Filter>
    </Object>
    <Object Include="I:\OmranElmAfzar\OpenSees\OTHER\mumps_5.3.5 with CMake\VS Projects\_deps\scalapack-build\BLACS\SRC\blacsF77init.dir\$(Configuration)\ctrrv2d_.obj">
      <Filter>Object Libraries</Filter>
    </Object>
    <Object Include="I:\OmranElmAfzar\OpenSees\OTHER\mumps_5.3.5 with CMake\VS Projects\_deps\scalapack-build\BLACS\SRC\blacsF77init.dir\$(Configuration)\cgebs2d_.obj">
      <Filter>Object Libraries</Filter>
    </Object>
    <Object Include="I:\OmranElmAfzar\OpenSees\OTHER\mumps_5.3.5 with CMake\VS Projects\_deps\scalapack-build\BLACS\SRC\blacsF77init.dir\$(Configuration)\cgebr2d_.obj">
      <Filter>Object Libraries</Filter>
    </Object>
    <Object Include="I:\OmranElmAfzar\OpenSees\OTHER\mumps_5.3.5 with CMake\VS Projects\_deps\scalapack-build\BLACS\SRC\blacsF77init.dir\$(Configuration)\ctrbs2d_.obj">
      <Filter>Object Libraries</Filter>
    </Object>
    <Object Include="I:\OmranElmAfzar\OpenSees\OTHER\mumps_5.3.5 with CMake\VS Projects\_deps\scalapack-build\BLACS\SRC\blacsF77init.dir\$(Configuration)\ctrbr2d_.obj">
      <Filter>Object Libraries</Filter>
    </Object>
    <Object Include="I:\OmranElmAfzar\OpenSees\OTHER\mumps_5.3.5 with CMake\VS Projects\_deps\scalapack-build\BLACS\SRC\blacsF77init.dir\$(Configuration)\cgsum2d_.obj">
      <Filter>Object Libraries</Filter>
    </Object>
    <Object Include="I:\OmranElmAfzar\OpenSees\OTHER\mumps_5.3.5 with CMake\VS Projects\_deps\scalapack-build\BLACS\SRC\blacsF77init.dir\$(Configuration)\cgamx2d_.obj">
      <Filter>Object Libraries</Filter>
    </Object>
    <Object Include="I:\OmranElmAfzar\OpenSees\OTHER\mumps_5.3.5 with CMake\VS Projects\_deps\scalapack-build\BLACS\SRC\blacsF77init.dir\$(Configuration)\cgamn2d_.obj">
      <Filter>Object Libraries</Filter>
    </Object>
    <Object Include="I:\OmranElmAfzar\OpenSees\OTHER\mumps_5.3.5 with CMake\VS Projects\_deps\scalapack-build\BLACS\SRC\blacsF77init.dir\$(Configuration)\zgesd2d_.obj">
      <Filter>Object Libraries</Filter>
    </Object>
    <Object Include="I:\OmranElmAfzar\OpenSees\OTHER\mumps_5.3.5 with CMake\VS Projects\_deps\scalapack-build\BLACS\SRC\blacsF77init.dir\$(Configuration)\ztrsd2d_.obj">
      <Filter>Object Libraries</Filter>
    </Object>
    <Object Include="I:\OmranElmAfzar\OpenSees\OTHER\mumps_5.3.5 with CMake\VS Projects\_deps\scalapack-build\BLACS\SRC\blacsF77init.dir\$(Configuration)\zgerv2d_.obj">
      <Filter>Object Libraries</Filter>
    </Object>
    <Object Include="I:\OmranElmAfzar\OpenSees\OTHER\mumps_5.3.5 with CMake\VS Projects\_deps\scalapack-build\BLACS\SRC\blacsF77init.dir\$(Configuration)\ztrrv2d_.obj">
      <Filter>Object Libraries</Filter>
    </Object>
    <Object Include="I:\OmranElmAfzar\OpenSees\OTHER\mumps_5.3.5 with CMake\VS Projects\_deps\scalapack-build\BLACS\SRC\blacsF77init.dir\$(Configuration)\zgebs2d_.obj">
      <Filter>Object Libraries</Filter>
    </Object>
    <Object Include="I:\OmranElmAfzar\OpenSees\OTHER\mumps_5.3.5 with CMake\VS Projects\_deps\scalapack-build\BLACS\SRC\blacsF77init.dir\$(Configuration)\zgebr2d_.obj">
      <Filter>Object Libraries</Filter>
    </Object>
    <Object Include="I:\OmranElmAfzar\OpenSees\OTHER\mumps_5.3.5 with CMake\VS Projects\_deps\scalapack-build\BLACS\SRC\blacsF77init.dir\$(Configuration)\ztrbs2d_.obj">
      <Filter>Object Libraries</Filter>
    </Object>
    <Object Include="I:\OmranElmAfzar\OpenSees\OTHER\mumps_5.3.5 with CMake\VS Projects\_deps\scalapack-build\BLACS\SRC\blacsF77init.dir\$(Configuration)\ztrbr2d_.obj">
      <Filter>Object Libraries</Filter>
    </Object>
    <Object Include="I:\OmranElmAfzar\OpenSees\OTHER\mumps_5.3.5 with CMake\VS Projects\_deps\scalapack-build\BLACS\SRC\blacsF77init.dir\$(Configuration)\zgsum2d_.obj">
      <Filter>Object Libraries</Filter>
    </Object>
    <Object Include="I:\OmranElmAfzar\OpenSees\OTHER\mumps_5.3.5 with CMake\VS Projects\_deps\scalapack-build\BLACS\SRC\blacsF77init.dir\$(Configuration)\zgamx2d_.obj">
      <Filter>Object Libraries</Filter>
    </Object>
    <Object Include="I:\OmranElmAfzar\OpenSees\OTHER\mumps_5.3.5 with CMake\VS Projects\_deps\scalapack-build\BLACS\SRC\blacsF77init.dir\$(Configuration)\zgamn2d_.obj">
      <Filter>Object Libraries</Filter>
    </Object>
    <Object Include="I:\OmranElmAfzar\OpenSees\OTHER\mumps_5.3.5 with CMake\VS Projects\_deps\scalapack-build\BLACS\SRC\blacsF77init.dir\$(Configuration)\blacs_setup_.obj">
      <Filter>Object Libraries</Filter>
    </Object>
    <Object Include="I:\OmranElmAfzar\OpenSees\OTHER\mumps_5.3.5 with CMake\VS Projects\_deps\scalapack-build\BLACS\SRC\blacsF77init.dir\$(Configuration)\blacs_set_.obj">
      <Filter>Object Libraries</Filter>
    </Object>
    <Object Include="I:\OmranElmAfzar\OpenSees\OTHER\mumps_5.3.5 with CMake\VS Projects\_deps\scalapack-build\BLACS\SRC\blacsF77init.dir\$(Configuration)\blacs_get_.obj">
      <Filter>Object Libraries</Filter>
    </Object>
    <Object Include="I:\OmranElmAfzar\OpenSees\OTHER\mumps_5.3.5 with CMake\VS Projects\_deps\scalapack-build\BLACS\SRC\blacsF77init.dir\$(Configuration)\blacs_abort_.obj">
      <Filter>Object Libraries</Filter>
    </Object>
    <Object Include="I:\OmranElmAfzar\OpenSees\OTHER\mumps_5.3.5 with CMake\VS Projects\_deps\scalapack-build\BLACS\SRC\blacsF77init.dir\$(Configuration)\blacs_exit_.obj">
      <Filter>Object Libraries</Filter>
    </Object>
    <Object Include="I:\OmranElmAfzar\OpenSees\OTHER\mumps_5.3.5 with CMake\VS Projects\_deps\scalapack-build\BLACS\SRC\blacsF77init.dir\$(Configuration)\blacs_pnum_.obj">
      <Filter>Object Libraries</Filter>
    </Object>
    <Object Include="I:\OmranElmAfzar\OpenSees\OTHER\mumps_5.3.5 with CMake\VS Projects\_deps\scalapack-build\BLACS\SRC\blacsF77init.dir\$(Configuration)\blacs_pcoord_.obj">
      <Filter>Object Libraries</Filter>
    </Object>
    <Object Include="I:\OmranElmAfzar\OpenSees\OTHER\mumps_5.3.5 with CMake\VS Projects\_deps\scalapack-build\BLACS\SRC\blacsF77init.dir\$(Configuration)\ksendid_.obj">
      <Filter>Object Libraries</Filter>
    </Object>
    <Object Include="I:\OmranElmAfzar\OpenSees\OTHER\mumps_5.3.5 with CMake\VS Projects\_deps\scalapack-build\BLACS\SRC\blacsF77init.dir\$(Configuration)\krecvid_.obj">
      <Filter>Object Libraries</Filter>
    </Object>
    <Object Include="I:\OmranElmAfzar\OpenSees\OTHER\mumps_5.3.5 with CMake\VS Projects\_deps\scalapack-build\BLACS\SRC\blacsF77init.dir\$(Configuration)\kbsid_.obj">
      <Filter>Object Libraries</Filter>
    </Object>
    <Object Include="I:\OmranElmAfzar\OpenSees\OTHER\mumps_5.3.5 with CMake\VS Projects\_deps\scalapack-build\BLACS\SRC\blacsF77init.dir\$(Configuration)\kbrid_.obj">
      <Filter>Object Libraries</Filter>
    </Object>
    <Object Include="I:\OmranElmAfzar\OpenSees\OTHER\mumps_5.3.5 with CMake\VS Projects\_deps\scalapack-build\BLACS\SRC\blacsF77init.dir\$(Configuration)\dcputime00_.obj">
      <Filter>Object Libraries</Filter>
    </Object>
    <Object Include="I:\OmranElmAfzar\OpenSees\OTHER\mumps_5.3.5 with CMake\VS Projects\_deps\scalapack-build\BLACS\SRC\blacsF77init.dir\$(Configuration)\dwalltime00_.obj">
      <Filter>Object Libraries</Filter>
    </Object>
    <Object Include="I:\OmranElmAfzar\OpenSees\OTHER\mumps_5.3.5 with CMake\VS Projects\_deps\scalapack-build\BLACS\SRC\blacsF77init.dir\$(Configuration)\blacs_pinfo_.obj">
      <Filter>Object Libraries</Filter>
    </Object>
    <Object Include="I:\OmranElmAfzar\OpenSees\OTHER\mumps_5.3.5 with CMake\VS Projects\_deps\scalapack-build\BLACS\SRC\blacsF77init.dir\$(Configuration)\blacs_init_.obj">
      <Filter>Object Libraries</Filter>
    </Object>
    <Object Include="I:\OmranElmAfzar\OpenSees\OTHER\mumps_5.3.5 with CMake\VS Projects\_deps\scalapack-build\BLACS\SRC\blacsF77init.dir\$(Configuration)\blacs_map_.obj">
      <Filter>Object Libraries</Filter>
    </Object>
    <Object Include="I:\OmranElmAfzar\OpenSees\OTHER\mumps_5.3.5 with CMake\VS Projects\_deps\scalapack-build\BLACS\SRC\blacsF77init.dir\$(Configuration)\blacs_free_.obj">
      <Filter>Object Libraries</Filter>
    </Object>
    <Object Include="I:\OmranElmAfzar\OpenSees\OTHER\mumps_5.3.5 with CMake\VS Projects\_deps\scalapack-build\BLACS\SRC\blacsF77init.dir\$(Configuration)\blacs_grid_.obj">
      <Filter>Object Libraries</Filter>
    </Object>
    <Object Include="I:\OmranElmAfzar\OpenSees\OTHER\mumps_5.3.5 with CMake\VS Projects\_deps\scalapack-build\BLACS\SRC\blacsF77init.dir\$(Configuration)\blacs_info_.obj">
      <Filter>Object Libraries</Filter>
    </Object>
    <Object Include="I:\OmranElmAfzar\OpenSees\OTHER\mumps_5.3.5 with CMake\VS Projects\_deps\scalapack-build\BLACS\SRC\blacsF77init.dir\$(Configuration)\blacs_barr_.obj">
      <Filter>Object Libraries</Filter>
    </Object>
    <Object Include="I:\OmranElmAfzar\OpenSees\OTHER\mumps_5.3.5 with CMake\VS Projects\_deps\scalapack-build\BLACS\SRC\blacsF77init.dir\$(Configuration)\sys2blacs_.obj">
      <Filter>Object Libraries</Filter>
    </Object>
    <Object Include="I:\OmranElmAfzar\OpenSees\OTHER\mumps_5.3.5 with CMake\VS Projects\_deps\scalapack-build\BLACS\SRC\blacsF77init.dir\$(Configuration)\blacs2sys_.obj">
      <Filter>Object Libraries</Filter>
    </Object>
    <Object Include="I:\OmranElmAfzar\OpenSees\OTHER\mumps_5.3.5 with CMake\VS Projects\_deps\scalapack-build\BLACS\SRC\blacsF77init.dir\$(Configuration)\free_handle_.obj">
      <Filter>Object Libraries</Filter>
    </Object>
    <Object Include="I:\OmranElmAfzar\OpenSees\OTHER\mumps_5.3.5 with CMake\VS Projects\_deps\scalapack-build\BLACS\SRC\blacsCinit.dir\$(Configuration)\igesd2d_.obj">
      <Filter>Object Libraries</Filter>
    </Object>
    <Object Include="I:\OmranElmAfzar\OpenSees\OTHER\mumps_5.3.5 with CMake\VS Projects\_deps\scalapack-build\BLACS\SRC\blacsCinit.dir\$(Configuration)\itrsd2d_.obj">
      <Filter>Object Libraries</Filter>
    </Object>
    <Object Include="I:\OmranElmAfzar\OpenSees\OTHER\mumps_5.3.5 with CMake\VS Projects\_deps\scalapack-build\BLACS\SRC\blacsCinit.dir\$(Configuration)\igerv2d_.obj">
      <Filter>Object Libraries</Filter>
    </Object>
    <Object Include="I:\OmranElmAfzar\OpenSees\OTHER\mumps_5.3.5 with CMake\VS Projects\_deps\scalapack-build\BLACS\SRC\blacsCinit.dir\$(Configuration)\itrrv2d_.obj">
      <Filter>Object Libraries</Filter>
    </Object>
    <Object Include="I:\OmranElmAfzar\OpenSees\OTHER\mumps_5.3.5 with CMake\VS Projects\_deps\scalapack-build\BLACS\SRC\blacsCinit.dir\$(Configuration)\igebs2d_.obj">
      <Filter>Object Libraries</Filter>
    </Object>
    <Object Include="I:\OmranElmAfzar\OpenSees\OTHER\mumps_5.3.5 with CMake\VS Projects\_deps\scalapack-build\BLACS\SRC\blacsCinit.dir\$(Configuration)\igebr2d_.obj">
      <Filter>Object Libraries</Filter>
    </Object>
    <Object Include="I:\OmranElmAfzar\OpenSees\OTHER\mumps_5.3.5 with CMake\VS Projects\_deps\scalapack-build\BLACS\SRC\blacsCinit.dir\$(Configuration)\itrbs2d_.obj">
      <Filter>Object Libraries</Filter>
    </Object>
    <Object Include="I:\OmranElmAfzar\OpenSees\OTHER\mumps_5.3.5 with CMake\VS Projects\_deps\scalapack-build\BLACS\SRC\blacsCinit.dir\$(Configuration)\itrbr2d_.obj">
      <Filter>Object Libraries</Filter>
    </Object>
    <Object Include="I:\OmranElmAfzar\OpenSees\OTHER\mumps_5.3.5 with CMake\VS Projects\_deps\scalapack-build\BLACS\SRC\blacsCinit.dir\$(Configuration)\igsum2d_.obj">
      <Filter>Object Libraries</Filter>
    </Object>
    <Object Include="I:\OmranElmAfzar\OpenSees\OTHER\mumps_5.3.5 with CMake\VS Projects\_deps\scalapack-build\BLACS\SRC\blacsCinit.dir\$(Configuration)\igamx2d_.obj">
      <Filter>Object Libraries</Filter>
    </Object>
    <Object Include="I:\OmranElmAfzar\OpenSees\OTHER\mumps_5.3.5 with CMake\VS Projects\_deps\scalapack-build\BLACS\SRC\blacsCinit.dir\$(Configuration)\igamn2d_.obj">
      <Filter>Object Libraries</Filter>
    </Object>
    <Object Include="I:\OmranElmAfzar\OpenSees\OTHER\mumps_5.3.5 with CMake\VS Projects\_deps\scalapack-build\BLACS\SRC\blacsCinit.dir\$(Configuration)\sgesd2d_.obj">
      <Filter>Object Libraries</Filter>
    </Object>
    <Object Include="I:\OmranElmAfzar\OpenSees\OTHER\mumps_5.3.5 with CMake\VS Projects\_deps\scalapack-build\BLACS\SRC\blacsCinit.dir\$(Configuration)\strsd2d_.obj">
      <Filter>Object Libraries</Filter>
    </Object>
    <Object Include="I:\OmranElmAfzar\OpenSees\OTHER\mumps_5.3.5 with CMake\VS Projects\_deps\scalapack-build\BLACS\SRC\blacsCinit.dir\$(Configuration)\sgerv2d_.obj">
      <Filter>Object Libraries</Filter>
    </Object>
    <Object Include="I:\OmranElmAfzar\OpenSees\OTHER\mumps_5.3.5 with CMake\VS Projects\_deps\scalapack-build\BLACS\SRC\blacsCinit.dir\$(Configuration)\strrv2d_.obj">
      <Filter>Object Libraries</Filter>
    </Object>
    <Object Include="I:\OmranElmAfzar\OpenSees\OTHER\mumps_5.3.5 with CMake\VS Projects\_deps\scalapack-build\BLACS\SRC\blacsCinit.dir\$(Configuration)\sgebs2d_.obj">
      <Filter>Object Libraries</Filter>
    </Object>
    <Object Include="I:\OmranElmAfzar\OpenSees\OTHER\mumps_5.3.5 with CMake\VS Projects\_deps\scalapack-build\BLACS\SRC\blacsCinit.dir\$(Configuration)\sgebr2d_.obj">
      <Filter>Object Libraries</Filter>
    </Object>
    <Object Include="I:\OmranElmAfzar\OpenSees\OTHER\mumps_5.3.5 with CMake\VS Projects\_deps\scalapack-build\BLACS\SRC\blacsCinit.dir\$(Configuration)\strbs2d_.obj">
      <Filter>Object Libraries</Filter>
    </Object>
    <Object Include="I:\OmranElmAfzar\OpenSees\OTHER\mumps_5.3.5 with CMake\VS Projects\_deps\scalapack-build\BLACS\SRC\blacsCinit.dir\$(Configuration)\strbr2d_.obj">
      <Filter>Object Libraries</Filter>
    </Object>
    <Object Include="I:\OmranElmAfzar\OpenSees\OTHER\mumps_5.3.5 with CMake\VS Projects\_deps\scalapack-build\BLACS\SRC\blacsCinit.dir\$(Configuration)\sgsum2d_.obj">
      <Filter>Object Libraries</Filter>
    </Object>
    <Object Include="I:\OmranElmAfzar\OpenSees\OTHER\mumps_5.3.5 with CMake\VS Projects\_deps\scalapack-build\BLACS\SRC\blacsCinit.dir\$(Configuration)\sgamx2d_.obj">
      <Filter>Object Libraries</Filter>
    </Object>
    <Object Include="I:\OmranElmAfzar\OpenSees\OTHER\mumps_5.3.5 with CMake\VS Projects\_deps\scalapack-build\BLACS\SRC\blacsCinit.dir\$(Configuration)\sgamn2d_.obj">
      <Filter>Object Libraries</Filter>
    </Object>
    <Object Include="I:\OmranElmAfzar\OpenSees\OTHER\mumps_5.3.5 with CMake\VS Projects\_deps\scalapack-build\BLACS\SRC\blacsCinit.dir\$(Configuration)\dgesd2d_.obj">
      <Filter>Object Libraries</Filter>
    </Object>
    <Object Include="I:\OmranElmAfzar\OpenSees\OTHER\mumps_5.3.5 with CMake\VS Projects\_deps\scalapack-build\BLACS\SRC\blacsCinit.dir\$(Configuration)\dtrsd2d_.obj">
      <Filter>Object Libraries</Filter>
    </Object>
    <Object Include="I:\OmranElmAfzar\OpenSees\OTHER\mumps_5.3.5 with CMake\VS Projects\_deps\scalapack-build\BLACS\SRC\blacsCinit.dir\$(Configuration)\dgerv2d_.obj">
      <Filter>Object Libraries</Filter>
    </Object>
    <Object Include="I:\OmranElmAfzar\OpenSees\OTHER\mumps_5.3.5 with CMake\VS Projects\_deps\scalapack-build\BLACS\SRC\blacsCinit.dir\$(Configuration)\dtrrv2d_.obj">
      <Filter>Object Libraries</Filter>
    </Object>
    <Object Include="I:\OmranElmAfzar\OpenSees\OTHER\mumps_5.3.5 with CMake\VS Projects\_deps\scalapack-build\BLACS\SRC\blacsCinit.dir\$(Configuration)\dgebs2d_.obj">
      <Filter>Object Libraries</Filter>
    </Object>
    <Object Include="I:\OmranElmAfzar\OpenSees\OTHER\mumps_5.3.5 with CMake\VS Projects\_deps\scalapack-build\BLACS\SRC\blacsCinit.dir\$(Configuration)\dgebr2d_.obj">
      <Filter>Object Libraries</Filter>
    </Object>
    <Object Include="I:\OmranElmAfzar\OpenSees\OTHER\mumps_5.3.5 with CMake\VS Projects\_deps\scalapack-build\BLACS\SRC\blacsCinit.dir\$(Configuration)\dtrbs2d_.obj">
      <Filter>Object Libraries</Filter>
    </Object>
    <Object Include="I:\OmranElmAfzar\OpenSees\OTHER\mumps_5.3.5 with CMake\VS Projects\_deps\scalapack-build\BLACS\SRC\blacsCinit.dir\$(Configuration)\dtrbr2d_.obj">
      <Filter>Object Libraries</Filter>
    </Object>
    <Object Include="I:\OmranElmAfzar\OpenSees\OTHER\mumps_5.3.5 with CMake\VS Projects\_deps\scalapack-build\BLACS\SRC\blacsCinit.dir\$(Configuration)\dgsum2d_.obj">
      <Filter>Object Libraries</Filter>
    </Object>
    <Object Include="I:\OmranElmAfzar\OpenSees\OTHER\mumps_5.3.5 with CMake\VS Projects\_deps\scalapack-build\BLACS\SRC\blacsCinit.dir\$(Configuration)\dgamx2d_.obj">
      <Filter>Object Libraries</Filter>
    </Object>
    <Object Include="I:\OmranElmAfzar\OpenSees\OTHER\mumps_5.3.5 with CMake\VS Projects\_deps\scalapack-build\BLACS\SRC\blacsCinit.dir\$(Configuration)\dgamn2d_.obj">
      <Filter>Object Libraries</Filter>
    </Object>
    <Object Include="I:\OmranElmAfzar\OpenSees\OTHER\mumps_5.3.5 with CMake\VS Projects\_deps\scalapack-build\BLACS\SRC\blacsCinit.dir\$(Configuration)\cgesd2d_.obj">
      <Filter>Object Libraries</Filter>
    </Object>
    <Object Include="I:\OmranElmAfzar\OpenSees\OTHER\mumps_5.3.5 with CMake\VS Projects\_deps\scalapack-build\BLACS\SRC\blacsCinit.dir\$(Configuration)\ctrsd2d_.obj">
      <Filter>Object Libraries</Filter>
    </Object>
    <Object Include="I:\OmranElmAfzar\OpenSees\OTHER\mumps_5.3.5 with CMake\VS Projects\_deps\scalapack-build\BLACS\SRC\blacsCinit.dir\$(Configuration)\cgerv2d_.obj">
      <Filter>Object Libraries</Filter>
    </Object>
    <Object Include="I:\OmranElmAfzar\OpenSees\OTHER\mumps_5.3.5 with CMake\VS Projects\_deps\scalapack-build\BLACS\SRC\blacsCinit.dir\$(Configuration)\ctrrv2d_.obj">
      <Filter>Object Libraries</Filter>
    </Object>
    <Object Include="I:\OmranElmAfzar\OpenSees\OTHER\mumps_5.3.5 with CMake\VS Projects\_deps\scalapack-build\BLACS\SRC\blacsCinit.dir\$(Configuration)\cgebs2d_.obj">
      <Filter>Object Libraries</Filter>
    </Object>
    <Object Include="I:\OmranElmAfzar\OpenSees\OTHER\mumps_5.3.5 with CMake\VS Projects\_deps\scalapack-build\BLACS\SRC\blacsCinit.dir\$(Configuration)\cgebr2d_.obj">
      <Filter>Object Libraries</Filter>
    </Object>
    <Object Include="I:\OmranElmAfzar\OpenSees\OTHER\mumps_5.3.5 with CMake\VS Projects\_deps\scalapack-build\BLACS\SRC\blacsCinit.dir\$(Configuration)\ctrbs2d_.obj">
      <Filter>Object Libraries</Filter>
    </Object>
    <Object Include="I:\OmranElmAfzar\OpenSees\OTHER\mumps_5.3.5 with CMake\VS Projects\_deps\scalapack-build\BLACS\SRC\blacsCinit.dir\$(Configuration)\ctrbr2d_.obj">
      <Filter>Object Libraries</Filter>
    </Object>
    <Object Include="I:\OmranElmAfzar\OpenSees\OTHER\mumps_5.3.5 with CMake\VS Projects\_deps\scalapack-build\BLACS\SRC\blacsCinit.dir\$(Configuration)\cgsum2d_.obj">
      <Filter>Object Libraries</Filter>
    </Object>
    <Object Include="I:\OmranElmAfzar\OpenSees\OTHER\mumps_5.3.5 with CMake\VS Projects\_deps\scalapack-build\BLACS\SRC\blacsCinit.dir\$(Configuration)\cgamx2d_.obj">
      <Filter>Object Libraries</Filter>
    </Object>
    <Object Include="I:\OmranElmAfzar\OpenSees\OTHER\mumps_5.3.5 with CMake\VS Projects\_deps\scalapack-build\BLACS\SRC\blacsCinit.dir\$(Configuration)\cgamn2d_.obj">
      <Filter>Object Libraries</Filter>
    </Object>
    <Object Include="I:\OmranElmAfzar\OpenSees\OTHER\mumps_5.3.5 with CMake\VS Projects\_deps\scalapack-build\BLACS\SRC\blacsCinit.dir\$(Configuration)\zgesd2d_.obj">
      <Filter>Object Libraries</Filter>
    </Object>
    <Object Include="I:\OmranElmAfzar\OpenSees\OTHER\mumps_5.3.5 with CMake\VS Projects\_deps\scalapack-build\BLACS\SRC\blacsCinit.dir\$(Configuration)\ztrsd2d_.obj">
      <Filter>Object Libraries</Filter>
    </Object>
    <Object Include="I:\OmranElmAfzar\OpenSees\OTHER\mumps_5.3.5 with CMake\VS Projects\_deps\scalapack-build\BLACS\SRC\blacsCinit.dir\$(Configuration)\zgerv2d_.obj">
      <Filter>Object Libraries</Filter>
    </Object>
    <Object Include="I:\OmranElmAfzar\OpenSees\OTHER\mumps_5.3.5 with CMake\VS Projects\_deps\scalapack-build\BLACS\SRC\blacsCinit.dir\$(Configuration)\ztrrv2d_.obj">
      <Filter>Object Libraries</Filter>
    </Object>
    <Object Include="I:\OmranElmAfzar\OpenSees\OTHER\mumps_5.3.5 with CMake\VS Projects\_deps\scalapack-build\BLACS\SRC\blacsCinit.dir\$(Configuration)\zgebs2d_.obj">
      <Filter>Object Libraries</Filter>
    </Object>
    <Object Include="I:\OmranElmAfzar\OpenSees\OTHER\mumps_5.3.5 with CMake\VS Projects\_deps\scalapack-build\BLACS\SRC\blacsCinit.dir\$(Configuration)\zgebr2d_.obj">
      <Filter>Object Libraries</Filter>
    </Object>
    <Object Include="I:\OmranElmAfzar\OpenSees\OTHER\mumps_5.3.5 with CMake\VS Projects\_deps\scalapack-build\BLACS\SRC\blacsCinit.dir\$(Configuration)\ztrbs2d_.obj">
      <Filter>Object Libraries</Filter>
    </Object>
    <Object Include="I:\OmranElmAfzar\OpenSees\OTHER\mumps_5.3.5 with CMake\VS Projects\_deps\scalapack-build\BLACS\SRC\blacsCinit.dir\$(Configuration)\ztrbr2d_.obj">
      <Filter>Object Libraries</Filter>
    </Object>
    <Object Include="I:\OmranElmAfzar\OpenSees\OTHER\mumps_5.3.5 with CMake\VS Projects\_deps\scalapack-build\BLACS\SRC\blacsCinit.dir\$(Configuration)\zgsum2d_.obj">
      <Filter>Object Libraries</Filter>
    </Object>
    <Object Include="I:\OmranElmAfzar\OpenSees\OTHER\mumps_5.3.5 with CMake\VS Projects\_deps\scalapack-build\BLACS\SRC\blacsCinit.dir\$(Configuration)\zgamx2d_.obj">
      <Filter>Object Libraries</Filter>
    </Object>
    <Object Include="I:\OmranElmAfzar\OpenSees\OTHER\mumps_5.3.5 with CMake\VS Projects\_deps\scalapack-build\BLACS\SRC\blacsCinit.dir\$(Configuration)\zgamn2d_.obj">
      <Filter>Object Libraries</Filter>
    </Object>
    <Object Include="I:\OmranElmAfzar\OpenSees\OTHER\mumps_5.3.5 with CMake\VS Projects\_deps\scalapack-build\BLACS\SRC\blacsCinit.dir\$(Configuration)\blacs_setup_.obj">
      <Filter>Object Libraries</Filter>
    </Object>
    <Object Include="I:\OmranElmAfzar\OpenSees\OTHER\mumps_5.3.5 with CMake\VS Projects\_deps\scalapack-build\BLACS\SRC\blacsCinit.dir\$(Configuration)\blacs_set_.obj">
      <Filter>Object Libraries</Filter>
    </Object>
    <Object Include="I:\OmranElmAfzar\OpenSees\OTHER\mumps_5.3.5 with CMake\VS Projects\_deps\scalapack-build\BLACS\SRC\blacsCinit.dir\$(Configuration)\blacs_get_.obj">
      <Filter>Object Libraries</Filter>
    </Object>
    <Object Include="I:\OmranElmAfzar\OpenSees\OTHER\mumps_5.3.5 with CMake\VS Projects\_deps\scalapack-build\BLACS\SRC\blacsCinit.dir\$(Configuration)\blacs_abort_.obj">
      <Filter>Object Libraries</Filter>
    </Object>
    <Object Include="I:\OmranElmAfzar\OpenSees\OTHER\mumps_5.3.5 with CMake\VS Projects\_deps\scalapack-build\BLACS\SRC\blacsCinit.dir\$(Configuration)\blacs_exit_.obj">
      <Filter>Object Libraries</Filter>
    </Object>
    <Object Include="I:\OmranElmAfzar\OpenSees\OTHER\mumps_5.3.5 with CMake\VS Projects\_deps\scalapack-build\BLACS\SRC\blacsCinit.dir\$(Configuration)\blacs_pnum_.obj">
      <Filter>Object Libraries</Filter>
    </Object>
    <Object Include="I:\OmranElmAfzar\OpenSees\OTHER\mumps_5.3.5 with CMake\VS Projects\_deps\scalapack-build\BLACS\SRC\blacsCinit.dir\$(Configuration)\blacs_pcoord_.obj">
      <Filter>Object Libraries</Filter>
    </Object>
    <Object Include="I:\OmranElmAfzar\OpenSees\OTHER\mumps_5.3.5 with CMake\VS Projects\_deps\scalapack-build\BLACS\SRC\blacsCinit.dir\$(Configuration)\ksendid_.obj">
      <Filter>Object Libraries</Filter>
    </Object>
    <Object Include="I:\OmranElmAfzar\OpenSees\OTHER\mumps_5.3.5 with CMake\VS Projects\_deps\scalapack-build\BLACS\SRC\blacsCinit.dir\$(Configuration)\krecvid_.obj">
      <Filter>Object Libraries</Filter>
    </Object>
    <Object Include="I:\OmranElmAfzar\OpenSees\OTHER\mumps_5.3.5 with CMake\VS Projects\_deps\scalapack-build\BLACS\SRC\blacsCinit.dir\$(Configuration)\kbsid_.obj">
      <Filter>Object Libraries</Filter>
    </Object>
    <Object Include="I:\OmranElmAfzar\OpenSees\OTHER\mumps_5.3.5 with CMake\VS Projects\_deps\scalapack-build\BLACS\SRC\blacsCinit.dir\$(Configuration)\kbrid_.obj">
      <Filter>Object Libraries</Filter>
    </Object>
    <Object Include="I:\OmranElmAfzar\OpenSees\OTHER\mumps_5.3.5 with CMake\VS Projects\_deps\scalapack-build\BLACS\SRC\blacsCinit.dir\$(Configuration)\dcputime00_.obj">
      <Filter>Object Libraries</Filter>
    </Object>
    <Object Include="I:\OmranElmAfzar\OpenSees\OTHER\mumps_5.3.5 with CMake\VS Projects\_deps\scalapack-build\BLACS\SRC\blacsCinit.dir\$(Configuration)\dwalltime00_.obj">
      <Filter>Object Libraries</Filter>
    </Object>
    <Object Include="I:\OmranElmAfzar\OpenSees\OTHER\mumps_5.3.5 with CMake\VS Projects\_deps\scalapack-build\BLACS\SRC\blacsCinit.dir\$(Configuration)\blacs_pinfo_.obj">
      <Filter>Object Libraries</Filter>
    </Object>
    <Object Include="I:\OmranElmAfzar\OpenSees\OTHER\mumps_5.3.5 with CMake\VS Projects\_deps\scalapack-build\BLACS\SRC\blacsCinit.dir\$(Configuration)\blacs_init_.obj">
      <Filter>Object Libraries</Filter>
    </Object>
    <Object Include="I:\OmranElmAfzar\OpenSees\OTHER\mumps_5.3.5 with CMake\VS Projects\_deps\scalapack-build\BLACS\SRC\blacsCinit.dir\$(Configuration)\blacs_map_.obj">
      <Filter>Object Libraries</Filter>
    </Object>
    <Object Include="I:\OmranElmAfzar\OpenSees\OTHER\mumps_5.3.5 with CMake\VS Projects\_deps\scalapack-build\BLACS\SRC\blacsCinit.dir\$(Configuration)\blacs_free_.obj">
      <Filter>Object Libraries</Filter>
    </Object>
    <Object Include="I:\OmranElmAfzar\OpenSees\OTHER\mumps_5.3.5 with CMake\VS Projects\_deps\scalapack-build\BLACS\SRC\blacsCinit.dir\$(Configuration)\blacs_grid_.obj">
      <Filter>Object Libraries</Filter>
    </Object>
    <Object Include="I:\OmranElmAfzar\OpenSees\OTHER\mumps_5.3.5 with CMake\VS Projects\_deps\scalapack-build\BLACS\SRC\blacsCinit.dir\$(Configuration)\blacs_info_.obj">
      <Filter>Object Libraries</Filter>
    </Object>
    <Object Include="I:\OmranElmAfzar\OpenSees\OTHER\mumps_5.3.5 with CMake\VS Projects\_deps\scalapack-build\BLACS\SRC\blacsCinit.dir\$(Configuration)\blacs_barr_.obj">
      <Filter>Object Libraries</Filter>
    </Object>
    <Object Include="I:\OmranElmAfzar\OpenSees\OTHER\mumps_5.3.5 with CMake\VS Projects\_deps\scalapack-build\BLACS\SRC\blacsCinit.dir\$(Configuration)\sys2blacs_.obj">
      <Filter>Object Libraries</Filter>
    </Object>
    <Object Include="I:\OmranElmAfzar\OpenSees\OTHER\mumps_5.3.5 with CMake\VS Projects\_deps\scalapack-build\BLACS\SRC\blacsCinit.dir\$(Configuration)\blacs2sys_.obj">
      <Filter>Object Libraries</Filter>
    </Object>
    <Object Include="I:\OmranElmAfzar\OpenSees\OTHER\mumps_5.3.5 with CMake\VS Projects\_deps\scalapack-build\BLACS\SRC\blacsCinit.dir\$(Configuration)\free_handle_.obj">
      <Filter>Object Libraries</Filter>
    </Object>
  </ItemGroup>
  <ItemGroup>
    <Filter Include="Object Libraries">
      <UniqueIdentifier>{C85BDB9D-CAE0-3FBD-813A-93CC2A399FB8}</UniqueIdentifier>
    </Filter>
    <Filter Include="Source Files">
      <UniqueIdentifier>{3E844D9B-914A-3AAB-8484-16003ABAD60E}</UniqueIdentifier>
    </Filter>
  </ItemGroup>
</Project>
