<?xml version="1.0" encoding="utf-8"?>
<Project ToolsVersion="16.0" xmlns="http://schemas.microsoft.com/developer/msbuild/2003">
  <ItemGroup>
    <ClCompile Include="F:\OmranElmAfzar\OpenSees\OTHER\metis-5.1.0\programs\ndmetis.c">
      <Filter>Source Files</Filter>
    </ClCompile>
    <ClCompile Include="F:\OmranElmAfzar\OpenSees\OTHER\metis-5.1.0\programs\cmdline_ndmetis.c">
      <Filter>Source Files</Filter>
    </ClCompile>
    <ClCompile Include="F:\OmranElmAfzar\OpenSees\OTHER\metis-5.1.0\programs\io.c">
      <Filter>Source Files</Filter>
    </ClCompile>
    <ClCompile Include="F:\OmranElmAfzar\OpenSees\OTHER\metis-5.1.0\programs\smbfactor.c">
      <Filter>Source Files</Filter>
    </ClCompile>
  </ItemGroup>
  <ItemGroup>
    <CustomBuild Include="F:\OmranElmAfzar\OpenSees\OTHER\metis-5.1.0\programs\CMakeLists.txt" />
  </ItemGroup>
  <ItemGroup>
    <Filter Include="Source Files">
      <UniqueIdentifier>{FF6D8DE6-6746-31F1-8625-96BE7E129D9E}</UniqueIdentifier>
    </Filter>
  </ItemGroup>
</Project>
