<?xml version="1.0" encoding="utf-8"?>
<Project ToolsVersion="16.0" xmlns="http://schemas.microsoft.com/developer/msbuild/2003">
  <ItemGroup>
    <ClCompile Include="I:\OmranElmAfzar\OpenSees\OTHER\mumps_5.3.5 with CMake\VS Projects\_deps\scalapack-src\SRC\pbchkvect.c">
      <Filter>Source Files</Filter>
    </ClCompile>
    <ClCompile Include="I:\OmranElmAfzar\OpenSees\OTHER\mumps_5.3.5 with CMake\VS Projects\_deps\scalapack-src\SRC\getpbbuf.c">
      <Filter>Source Files</Filter>
    </ClCompile>
    <ClCompile Include="I:\OmranElmAfzar\OpenSees\OTHER\mumps_5.3.5 with CMake\VS Projects\_deps\scalapack-src\SRC\pcrot.c">
      <Filter>Source Files</Filter>
    </ClCompile>
    <ClCompile Include="I:\OmranElmAfzar\OpenSees\OTHER\mumps_5.3.5 with CMake\VS Projects\_deps\scalapack-src\SRC\pslaiect.c">
      <Filter>Source Files</Filter>
    </ClCompile>
    <ClCompile Include="I:\OmranElmAfzar\OpenSees\OTHER\mumps_5.3.5 with CMake\VS Projects\_deps\scalapack-src\SRC\pdlaiect.c">
      <Filter>Source Files</Filter>
    </ClCompile>
    <ClCompile Include="I:\OmranElmAfzar\OpenSees\OTHER\mumps_5.3.5 with CMake\VS Projects\_deps\scalapack-src\SRC\pzrot.c">
      <Filter>Source Files</Filter>
    </ClCompile>
    <ClCompile Include="I:\OmranElmAfzar\OpenSees\OTHER\mumps_5.3.5 with CMake\VS Projects\_deps\scalapack-src\SRC\slamov.c">
      <Filter>Source Files</Filter>
    </ClCompile>
    <ClCompile Include="I:\OmranElmAfzar\OpenSees\OTHER\mumps_5.3.5 with CMake\VS Projects\_deps\scalapack-src\SRC\clamov.c">
      <Filter>Source Files</Filter>
    </ClCompile>
    <ClCompile Include="I:\OmranElmAfzar\OpenSees\OTHER\mumps_5.3.5 with CMake\VS Projects\_deps\scalapack-src\SRC\dlamov.c">
      <Filter>Source Files</Filter>
    </ClCompile>
    <ClCompile Include="I:\OmranElmAfzar\OpenSees\OTHER\mumps_5.3.5 with CMake\VS Projects\_deps\scalapack-src\SRC\zlamov.c">
      <Filter>Source Files</Filter>
    </ClCompile>
  </ItemGroup>
  <ItemGroup>
    <CustomBuild Include="I:\OmranElmAfzar\OpenSees\OTHER\mumps_5.3.5 with CMake\VS Projects\_deps\scalapack-src\SRC\CMakeLists.txt" />
  </ItemGroup>
  <ItemGroup>
    <Filter Include="Source Files">
      <UniqueIdentifier>{3E844D9B-914A-3AAB-8484-16003ABAD60E}</UniqueIdentifier>
    </Filter>
  </ItemGroup>
</Project>
